// !$*UTF8*$!
{
	archiveVersion = 1;
	classes = {
	};
	objectVersion = 46;
	objects = {

/* Begin PBXAggregateTarget section */
		4799E66577659C52B6953AF3 /* Plug1n - All */ = {
			isa = PBXAggregateTarget;
			buildConfigurationList = D48490AF032EDA4263A661E7 /* Build configuration list for PBXAggregateTarget "Plug1n - All" */;
			buildPhases = (
			);
			dependencies = (
				9CB23328B519E3BF2AAB098B /* PBXTargetDependency */,
				7B7CD6650211265719B79474 /* PBXTargetDependency */,
				C3DF2F4AE173EDB96B90F58A /* PBXTargetDependency */,
				87E9DC165108B39E586613E0 /* PBXTargetDependency */,
			);
			name = "Plug1n - All";
			productName = Plug1n;
		};
/* End PBXAggregateTarget section */

/* Begin PBXBuildFile section */
		0593337AF6588098CB6C1893 /* PluginEditor.cpp in Sources */ = {isa = PBXBuildFile; fileRef = ED95C0BD44416A3E374516C2 /* PluginEditor.cpp */; };
		09FC43E65AE860E880F1D9E2 /* PluginProcessor.cpp in Sources */ = {isa = PBXBuildFile; fileRef = F500652D406672B953CF603A /* PluginProcessor.cpp */; };
		1793C0FFEFA03D98189C8239 /* DiscRecording.framework in Frameworks */ = {isa = PBXBuildFile; fileRef = FE3A2E74DAD4EC3D7AF71DEF /* DiscRecording.framework */; };
		1831FB7996659F4A72B84377 /* include_juce_audio_plugin_client_Standalone.cpp in Sources */ = {isa = PBXBuildFile; fileRef = DCFB681DC0AF3D7C2F0D60B7 /* include_juce_audio_plugin_client_Standalone.cpp */; };
		25553E6C24B051A50010D9D3 /* RecentFilesMenuTemplate.nib in Resources */ = {isa = PBXBuildFile; fileRef = B4A1CF0202477ED576DDDC0C /* RecentFilesMenuTemplate.nib */; };
		25553E6D24B051A50010D9D3 /* Accelerate.framework in Frameworks */ = {isa = PBXBuildFile; fileRef = 181CF78969468B0AAE9CC232 /* Accelerate.framework */; };
		25553E6E24B051A50010D9D3 /* AudioToolbox.framework in Frameworks */ = {isa = PBXBuildFile; fileRef = 8483F20B0A00C40D310DAB7D /* AudioToolbox.framework */; };
		25553E6F24B051A50010D9D3 /* Carbon.framework in Frameworks */ = {isa = PBXBuildFile; fileRef = E3F43D9C91491F5D7CF40C42 /* Carbon.framework */; };
		25553E7024B051A50010D9D3 /* Cocoa.framework in Frameworks */ = {isa = PBXBuildFile; fileRef = 768588ECA7205555A96BBD8C /* Cocoa.framework */; };
		25553E7124B051A50010D9D3 /* CoreAudio.framework in Frameworks */ = {isa = PBXBuildFile; fileRef = 2B6242B6DE093C9059A326E4 /* CoreAudio.framework */; };
		25553E7224B051A50010D9D3 /* CoreAudioKit.framework in Frameworks */ = {isa = PBXBuildFile; fileRef = C0448C4BF1B7C4AD66CEAD94 /* CoreAudioKit.framework */; };
		25553E7324B051A50010D9D3 /* CoreMIDI.framework in Frameworks */ = {isa = PBXBuildFile; fileRef = B16E6B958C904B431432E484 /* CoreMIDI.framework */; };
		25553E7424B051A50010D9D3 /* DiscRecording.framework in Frameworks */ = {isa = PBXBuildFile; fileRef = FE3A2E74DAD4EC3D7AF71DEF /* DiscRecording.framework */; };
		25553E7524B051A50010D9D3 /* IOKit.framework in Frameworks */ = {isa = PBXBuildFile; fileRef = 8D6A88CFA49DFD6DFD888104 /* IOKit.framework */; };
		25553E7624B051A50010D9D3 /* QuartzCore.framework in Frameworks */ = {isa = PBXBuildFile; fileRef = CD1B2E2988A7778B9B628412 /* QuartzCore.framework */; };
		25553E7724B051A50010D9D3 /* WebKit.framework in Frameworks */ = {isa = PBXBuildFile; fileRef = 8A41208E71E8B70EF403003D /* WebKit.framework */; };
		25553E7824B051A50010D9D3 /* RecentFilesMenuTemplate.nib in Resources */ = {isa = PBXBuildFile; fileRef = B4A1CF0202477ED576DDDC0C /* RecentFilesMenuTemplate.nib */; };
		25553E7924B051A50010D9D3 /* Accelerate.framework in Frameworks */ = {isa = PBXBuildFile; fileRef = 181CF78969468B0AAE9CC232 /* Accelerate.framework */; };
		25553E7A24B051A50010D9D3 /* AudioToolbox.framework in Frameworks */ = {isa = PBXBuildFile; fileRef = 8483F20B0A00C40D310DAB7D /* AudioToolbox.framework */; };
		25553E7B24B051A50010D9D3 /* Carbon.framework in Frameworks */ = {isa = PBXBuildFile; fileRef = E3F43D9C91491F5D7CF40C42 /* Carbon.framework */; };
		25553E7C24B051A50010D9D3 /* Cocoa.framework in Frameworks */ = {isa = PBXBuildFile; fileRef = 768588ECA7205555A96BBD8C /* Cocoa.framework */; };
		25553E7D24B051A50010D9D3 /* CoreAudio.framework in Frameworks */ = {isa = PBXBuildFile; fileRef = 2B6242B6DE093C9059A326E4 /* CoreAudio.framework */; };
		25553E7E24B051A50010D9D3 /* CoreAudioKit.framework in Frameworks */ = {isa = PBXBuildFile; fileRef = C0448C4BF1B7C4AD66CEAD94 /* CoreAudioKit.framework */; };
		25553E7F24B051A50010D9D3 /* CoreMIDI.framework in Frameworks */ = {isa = PBXBuildFile; fileRef = B16E6B958C904B431432E484 /* CoreMIDI.framework */; };
		25553E8024B051A50010D9D3 /* DiscRecording.framework in Frameworks */ = {isa = PBXBuildFile; fileRef = FE3A2E74DAD4EC3D7AF71DEF /* DiscRecording.framework */; };
		25553E8124B051A50010D9D3 /* IOKit.framework in Frameworks */ = {isa = PBXBuildFile; fileRef = 8D6A88CFA49DFD6DFD888104 /* IOKit.framework */; };
		25553E8224B051A50010D9D3 /* QuartzCore.framework in Frameworks */ = {isa = PBXBuildFile; fileRef = CD1B2E2988A7778B9B628412 /* QuartzCore.framework */; };
		25553E8324B051A50010D9D3 /* WebKit.framework in Frameworks */ = {isa = PBXBuildFile; fileRef = 8A41208E71E8B70EF403003D /* WebKit.framework */; };
		3323026D232AC1222B968875 /* include_juce_data_structures.mm in Sources */ = {isa = PBXBuildFile; fileRef = 7C8D70E217FEA749EC63C9ED /* include_juce_data_structures.mm */; };
		34E19B0530021F2C1079A6C8 /* include_juce_core.mm in Sources */ = {isa = PBXBuildFile; fileRef = D9F06B6FCF915DFC70AB5CF8 /* include_juce_core.mm */; };
		413DE34C1A496BA371A61E6A /* include_juce_audio_plugin_client_AU.r in Rez */ = {isa = PBXBuildFile; fileRef = AB53DEC6866C9D51F0241606 /* include_juce_audio_plugin_client_AU.r */; };
		420BFD9DE430110C5ACE323D /* include_juce_audio_plugin_client_AU_2.mm in Sources */ = {isa = PBXBuildFile; fileRef = 74AC4238D19F51C7CCB8D512 /* include_juce_audio_plugin_client_AU_2.mm */; };
		4AFA3C52371F8FFFDCAA4BC3 /* Cocoa.framework in Frameworks */ = {isa = PBXBuildFile; fileRef = 768588ECA7205555A96BBD8C /* Cocoa.framework */; };
		5C13C87D1F86BC680F9C62C7 /* include_juce_audio_utils.mm in Sources */ = {isa = PBXBuildFile; fileRef = 074FBF48734C0F380115840F /* include_juce_audio_utils.mm */; };
		676389221F3501C8E6F3A854 /* Accelerate.framework in Frameworks */ = {isa = PBXBuildFile; fileRef = 181CF78969468B0AAE9CC232 /* Accelerate.framework */; };
		68DFA4F788B633C05F33B7D6 /* include_juce_events.mm in Sources */ = {isa = PBXBuildFile; fileRef = 83DF63DE6DA9C458FEE55295 /* include_juce_events.mm */; };
		6B46C7B43ACFE1C8BDDD1BAE /* AudioToolbox.framework in Frameworks */ = {isa = PBXBuildFile; fileRef = 8483F20B0A00C40D310DAB7D /* AudioToolbox.framework */; };
		719DC284CD637A528D4BB396 /* include_juce_audio_formats.mm in Sources */ = {isa = PBXBuildFile; fileRef = CA79A687DB37A4DA39F31C28 /* include_juce_audio_formats.mm */; };
		736B9D56F5FBC70377B8DA4D /* include_juce_audio_plugin_client_AU_1.mm in Sources */ = {isa = PBXBuildFile; fileRef = 476CE6A18A3446185BB8BC36 /* include_juce_audio_plugin_client_AU_1.mm */; };
		74B559C2A28143F75A2277E3 /* include_juce_audio_plugin_client_VST3.cpp in Sources */ = {isa = PBXBuildFile; fileRef = 006A6AD98C28C5FA161F38A1 /* include_juce_audio_plugin_client_VST3.cpp */; };
		92D6D1F5D0D1FA425B42B1C1 /* include_juce_gui_extra.mm in Sources */ = {isa = PBXBuildFile; fileRef = 032413D36FAF3FDD5D2042C7 /* include_juce_gui_extra.mm */; };
		9A1919DFA7B7175CB02AA691 /* WebKit.framework in Frameworks */ = {isa = PBXBuildFile; fileRef = 8A41208E71E8B70EF403003D /* WebKit.framework */; };
		9ABA419380F5B15F5340FA74 /* CoreAudioKit.framework in Frameworks */ = {isa = PBXBuildFile; fileRef = C0448C4BF1B7C4AD66CEAD94 /* CoreAudioKit.framework */; };
		A5F4A7062EFEDA610277B916 /* include_juce_gui_basics.mm in Sources */ = {isa = PBXBuildFile; fileRef = BE116BD8061E725751FB1C97 /* include_juce_gui_basics.mm */; };
		A892BB20ACF8D4EE56EB4542 /* RecentFilesMenuTemplate.nib in Resources */ = {isa = PBXBuildFile; fileRef = B4A1CF0202477ED576DDDC0C /* RecentFilesMenuTemplate.nib */; };
		AF0D13CB011EBFCFCCDD5364 /* CoreAudio.framework in Frameworks */ = {isa = PBXBuildFile; fileRef = 2B6242B6DE093C9059A326E4 /* CoreAudio.framework */; };
		B463D734F9FCB59FC1DF2600 /* AudioUnit.framework in Frameworks */ = {isa = PBXBuildFile; fileRef = 3C492CD39377725875394D92 /* AudioUnit.framework */; };
		B4646F37A0775E54BCC40718 /* include_juce_graphics.mm in Sources */ = {isa = PBXBuildFile; fileRef = BBF10AF10D670CCDB30F50D2 /* include_juce_graphics.mm */; };
		BA9F8AB0C89462B30F60334A /* include_juce_audio_plugin_client_utils.cpp in Sources */ = {isa = PBXBuildFile; fileRef = E055C8D36F54A76DED90C139 /* include_juce_audio_plugin_client_utils.cpp */; };
		BF9BF37DB3DB3C3422974D1E /* QuartzCore.framework in Frameworks */ = {isa = PBXBuildFile; fileRef = CD1B2E2988A7778B9B628412 /* QuartzCore.framework */; };
		CB3ED3570898052F04408913 /* IOKit.framework in Frameworks */ = {isa = PBXBuildFile; fileRef = 8D6A88CFA49DFD6DFD888104 /* IOKit.framework */; };
		D760DE95387790FA724CD54A /* CoreMIDI.framework in Frameworks */ = {isa = PBXBuildFile; fileRef = B16E6B958C904B431432E484 /* CoreMIDI.framework */; };
		E17EB09378DC080AB427934A /* include_juce_audio_processors.mm in Sources */ = {isa = PBXBuildFile; fileRef = FEB368629E5AE2E84B3D2900 /* include_juce_audio_processors.mm */; };
		E7D3C57D6E9319D2D0B087A6 /* include_juce_audio_devices.mm in Sources */ = {isa = PBXBuildFile; fileRef = 7F0CA75D65C63043488640E5 /* include_juce_audio_devices.mm */; };
		EAD2FA5CB131EB76715B51DB /* include_juce_audio_plugin_client_VST_utils.mm in Sources */ = {isa = PBXBuildFile; fileRef = 062A11035144472ED135C27D /* include_juce_audio_plugin_client_VST_utils.mm */; };
		EB6892FDD72B446395A0DF28 /* include_juce_audio_basics.mm in Sources */ = {isa = PBXBuildFile; fileRef = 73DC41FCED18DCB53B1F5364 /* include_juce_audio_basics.mm */; };
		F6CA0732057F0F3C4FE22BCA /* Carbon.framework in Frameworks */ = {isa = PBXBuildFile; fileRef = E3F43D9C91491F5D7CF40C42 /* Carbon.framework */; };
/* End PBXBuildFile section */

/* Begin PBXContainerItemProxy section */
		25553E8424B051A60010D9D3 /* PBXContainerItemProxy */ = {
			isa = PBXContainerItemProxy;
			containerPortal = 4876896738754801F5564C24 /* Project object */;
			proxyType = 1;
			remoteGlobalIDString = 65CD6B64EB1C8790BBF50819;
			remoteInfo = "Plug1n - Shared Code";
		};
		25553E8524B051A60010D9D3 /* PBXContainerItemProxy */ = {
			isa = PBXContainerItemProxy;
			containerPortal = 4876896738754801F5564C24 /* Project object */;
			proxyType = 1;
			remoteGlobalIDString = 65CD6B64EB1C8790BBF50819;
			remoteInfo = "Plug1n - Shared Code";
		};
		25553E8624B051A60010D9D3 /* PBXContainerItemProxy */ = {
			isa = PBXContainerItemProxy;
			containerPortal = 4876896738754801F5564C24 /* Project object */;
			proxyType = 1;
			remoteGlobalIDString = 65CD6B64EB1C8790BBF50819;
			remoteInfo = "Plug1n - Shared Code";
		};
		25553E8724B051A60010D9D3 /* PBXContainerItemProxy */ = {
			isa = PBXContainerItemProxy;
			containerPortal = 4876896738754801F5564C24 /* Project object */;
			proxyType = 1;
			remoteGlobalIDString = B2D7925DF3D78B19FA8E6200;
			remoteInfo = "Plug1n - VST3";
		};
		25553E8824B051A60010D9D3 /* PBXContainerItemProxy */ = {
			isa = PBXContainerItemProxy;
			containerPortal = 4876896738754801F5564C24 /* Project object */;
			proxyType = 1;
			remoteGlobalIDString = 128467C41BDCBCA09CC24F65;
			remoteInfo = "Plug1n - AU";
		};
		25553E8924B051A60010D9D3 /* PBXContainerItemProxy */ = {
			isa = PBXContainerItemProxy;
			containerPortal = 4876896738754801F5564C24 /* Project object */;
			proxyType = 1;
			remoteGlobalIDString = 60A69396C4536691B3351778;
			remoteInfo = "Plug1n - Standalone Plugin";
		};
		25553E8A24B051A60010D9D3 /* PBXContainerItemProxy */ = {
			isa = PBXContainerItemProxy;
			containerPortal = 4876896738754801F5564C24 /* Project object */;
			proxyType = 1;
			remoteGlobalIDString = 65CD6B64EB1C8790BBF50819;
			remoteInfo = "Plug1n - Shared Code";
		};
/* End PBXContainerItemProxy section */

/* Begin PBXFileReference section */
		006A6AD98C28C5FA161F38A1 /* include_juce_audio_plugin_client_VST3.cpp */ = {isa = PBXFileReference; lastKnownFileType = sourcecode.cpp.cpp; name = include_juce_audio_plugin_client_VST3.cpp; path = ../../JuceLibraryCode/include_juce_audio_plugin_client_VST3.cpp; sourceTree = SOURCE_ROOT; };
		01772A7C9F64C2018FE69D63 /* juce_data_structures */ = {isa = PBXFileReference; lastKnownFileType = text; name = juce_data_structures; path = "~/JUCE/modules/juce_data_structures"; sourceTree = "<absolute>"; };
		032413D36FAF3FDD5D2042C7 /* include_juce_gui_extra.mm */ = {isa = PBXFileReference; lastKnownFileType = sourcecode.cpp.objcpp; name = include_juce_gui_extra.mm; path = ../../JuceLibraryCode/include_juce_gui_extra.mm; sourceTree = SOURCE_ROOT; };
		05C93A1195BD623F4B12220A /* Info-VST3.plist */ = {isa = PBXFileReference; lastKnownFileType = text.plist.xml; path = "Info-VST3.plist"; sourceTree = SOURCE_ROOT; };
		0621AD5E109A189860F2ED79 /* juce_audio_devices */ = {isa = PBXFileReference; lastKnownFileType = text; name = juce_audio_devices; path = "~/JUCE/modules/juce_audio_devices"; sourceTree = "<absolute>"; };
		06223FA89D6084B95A4C82C2 /* JuceHeader.h */ = {isa = PBXFileReference; lastKnownFileType = sourcecode.c.h; name = JuceHeader.h; path = ../../JuceLibraryCode/JuceHeader.h; sourceTree = SOURCE_ROOT; };
		062A11035144472ED135C27D /* include_juce_audio_plugin_client_VST_utils.mm */ = {isa = PBXFileReference; lastKnownFileType = sourcecode.cpp.objcpp; name = include_juce_audio_plugin_client_VST_utils.mm; path = ../../JuceLibraryCode/include_juce_audio_plugin_client_VST_utils.mm; sourceTree = SOURCE_ROOT; };
		074FBF48734C0F380115840F /* include_juce_audio_utils.mm */ = {isa = PBXFileReference; lastKnownFileType = sourcecode.cpp.objcpp; name = include_juce_audio_utils.mm; path = ../../JuceLibraryCode/include_juce_audio_utils.mm; sourceTree = SOURCE_ROOT; };
		0C12737760F69BF9FB196A88 /* Plug1n.component */ = {isa = PBXFileReference; explicitFileType = wrapper.cfbundle; includeInIndex = 0; path = Plug1n.component; sourceTree = BUILT_PRODUCTS_DIR; };
		0CCA32BB3351C496ADE3E7D8 /* PluginEditor.h */ = {isa = PBXFileReference; lastKnownFileType = sourcecode.c.h; name = PluginEditor.h; path = ../../Source/PluginEditor.h; sourceTree = SOURCE_ROOT; };
		181CF78969468B0AAE9CC232 /* Accelerate.framework */ = {isa = PBXFileReference; lastKnownFileType = wrapper.framework; name = Accelerate.framework; path = System/Library/Frameworks/Accelerate.framework; sourceTree = SDKROOT; };
		185A4F3863078F54D343E6F1 /* juce_audio_formats */ = {isa = PBXFileReference; lastKnownFileType = text; name = juce_audio_formats; path = "~/JUCE/modules/juce_audio_formats"; sourceTree = "<absolute>"; };
		1FD6517F7B1E3CC3CE0DEB2A /* Info-Standalone_Plugin.plist */ = {isa = PBXFileReference; lastKnownFileType = text.plist.xml; path = "Info-Standalone_Plugin.plist"; sourceTree = SOURCE_ROOT; };
		1FE0A6C1617CF2B2466E78F7 /* JucePluginDefines.h */ = {isa = PBXFileReference; lastKnownFileType = sourcecode.c.h; name = JucePluginDefines.h; path = ../../JuceLibraryCode/JucePluginDefines.h; sourceTree = SOURCE_ROOT; };
		2B6242B6DE093C9059A326E4 /* CoreAudio.framework */ = {isa = PBXFileReference; lastKnownFileType = wrapper.framework; name = CoreAudio.framework; path = System/Library/Frameworks/CoreAudio.framework; sourceTree = SDKROOT; };
		3400193E159E7B7BA92E3324 /* PluginProcessor.h */ = {isa = PBXFileReference; lastKnownFileType = sourcecode.c.h; name = PluginProcessor.h; path = ../../Source/PluginProcessor.h; sourceTree = SOURCE_ROOT; };
		3C492CD39377725875394D92 /* AudioUnit.framework */ = {isa = PBXFileReference; lastKnownFileType = wrapper.framework; name = AudioUnit.framework; path = System/Library/Frameworks/AudioUnit.framework; sourceTree = SDKROOT; };
		476CE6A18A3446185BB8BC36 /* include_juce_audio_plugin_client_AU_1.mm */ = {isa = PBXFileReference; lastKnownFileType = sourcecode.cpp.objcpp; name = include_juce_audio_plugin_client_AU_1.mm; path = ../../JuceLibraryCode/include_juce_audio_plugin_client_AU_1.mm; sourceTree = SOURCE_ROOT; };
		4BCA4C17C0C142B24DE4E33E /* juce_gui_basics */ = {isa = PBXFileReference; lastKnownFileType = text; name = juce_gui_basics; path = "~/JUCE/modules/juce_gui_basics"; sourceTree = "<absolute>"; };
		5A545368BFD5CD419ED9E60B /* libPlug1n.a */ = {isa = PBXFileReference; explicitFileType = archive.ar; includeInIndex = 0; path = libPlug1n.a; sourceTree = BUILT_PRODUCTS_DIR; };
		5FF2FA73BF8B2A9136EE58D0 /* juce_gui_extra */ = {isa = PBXFileReference; lastKnownFileType = text; name = juce_gui_extra; path = "~/JUCE/modules/juce_gui_extra"; sourceTree = "<absolute>"; };
		73DC41FCED18DCB53B1F5364 /* include_juce_audio_basics.mm */ = {isa = PBXFileReference; lastKnownFileType = sourcecode.cpp.objcpp; name = include_juce_audio_basics.mm; path = ../../JuceLibraryCode/include_juce_audio_basics.mm; sourceTree = SOURCE_ROOT; };
		74AC4238D19F51C7CCB8D512 /* include_juce_audio_plugin_client_AU_2.mm */ = {isa = PBXFileReference; lastKnownFileType = sourcecode.cpp.objcpp; name = include_juce_audio_plugin_client_AU_2.mm; path = ../../JuceLibraryCode/include_juce_audio_plugin_client_AU_2.mm; sourceTree = SOURCE_ROOT; };
		768588ECA7205555A96BBD8C /* Cocoa.framework */ = {isa = PBXFileReference; lastKnownFileType = wrapper.framework; name = Cocoa.framework; path = System/Library/Frameworks/Cocoa.framework; sourceTree = SDKROOT; };
		77E1612ABFEAF41F947D6F4D /* juce_core */ = {isa = PBXFileReference; lastKnownFileType = text; name = juce_core; path = "~/JUCE/modules/juce_core"; sourceTree = "<absolute>"; };
		7C8D70E217FEA749EC63C9ED /* include_juce_data_structures.mm */ = {isa = PBXFileReference; lastKnownFileType = sourcecode.cpp.objcpp; name = include_juce_data_structures.mm; path = ../../JuceLibraryCode/include_juce_data_structures.mm; sourceTree = SOURCE_ROOT; };
		7F0CA75D65C63043488640E5 /* include_juce_audio_devices.mm */ = {isa = PBXFileReference; lastKnownFileType = sourcecode.cpp.objcpp; name = include_juce_audio_devices.mm; path = ../../JuceLibraryCode/include_juce_audio_devices.mm; sourceTree = SOURCE_ROOT; };
		83974A22B9104F0C1CF5446B /* juce_audio_plugin_client */ = {isa = PBXFileReference; lastKnownFileType = text; name = juce_audio_plugin_client; path = "~/JUCE/modules/juce_audio_plugin_client"; sourceTree = "<absolute>"; };
		83DF63DE6DA9C458FEE55295 /* include_juce_events.mm */ = {isa = PBXFileReference; lastKnownFileType = sourcecode.cpp.objcpp; name = include_juce_events.mm; path = ../../JuceLibraryCode/include_juce_events.mm; sourceTree = SOURCE_ROOT; };
		8483F20B0A00C40D310DAB7D /* AudioToolbox.framework */ = {isa = PBXFileReference; lastKnownFileType = wrapper.framework; name = AudioToolbox.framework; path = System/Library/Frameworks/AudioToolbox.framework; sourceTree = SDKROOT; };
		89269AE6376DB2A0F48E3250 /* Info-AU.plist */ = {isa = PBXFileReference; lastKnownFileType = text.plist.xml; path = "Info-AU.plist"; sourceTree = SOURCE_ROOT; };
		8A41208E71E8B70EF403003D /* WebKit.framework */ = {isa = PBXFileReference; lastKnownFileType = wrapper.framework; name = WebKit.framework; path = System/Library/Frameworks/WebKit.framework; sourceTree = SDKROOT; };
		8D6A88CFA49DFD6DFD888104 /* IOKit.framework */ = {isa = PBXFileReference; lastKnownFileType = wrapper.framework; name = IOKit.framework; path = System/Library/Frameworks/IOKit.framework; sourceTree = SDKROOT; };
		8E31505AD23F483F2706323A /* Plug1n.app */ = {isa = PBXFileReference; explicitFileType = wrapper.application; includeInIndex = 0; path = Plug1n.app; sourceTree = BUILT_PRODUCTS_DIR; };
		AB53DEC6866C9D51F0241606 /* include_juce_audio_plugin_client_AU.r */ = {isa = PBXFileReference; lastKnownFileType = file.r; name = include_juce_audio_plugin_client_AU.r; path = ../../JuceLibraryCode/include_juce_audio_plugin_client_AU.r; sourceTree = SOURCE_ROOT; };
		B16E6B958C904B431432E484 /* CoreMIDI.framework */ = {isa = PBXFileReference; lastKnownFileType = wrapper.framework; name = CoreMIDI.framework; path = System/Library/Frameworks/CoreMIDI.framework; sourceTree = SDKROOT; };
		B4A1CF0202477ED576DDDC0C /* RecentFilesMenuTemplate.nib */ = {isa = PBXFileReference; lastKnownFileType = file.nib; path = RecentFilesMenuTemplate.nib; sourceTree = SOURCE_ROOT; };
		BBF10AF10D670CCDB30F50D2 /* include_juce_graphics.mm */ = {isa = PBXFileReference; lastKnownFileType = sourcecode.cpp.objcpp; name = include_juce_graphics.mm; path = ../../JuceLibraryCode/include_juce_graphics.mm; sourceTree = SOURCE_ROOT; };
		BE116BD8061E725751FB1C97 /* include_juce_gui_basics.mm */ = {isa = PBXFileReference; lastKnownFileType = sourcecode.cpp.objcpp; name = include_juce_gui_basics.mm; path = ../../JuceLibraryCode/include_juce_gui_basics.mm; sourceTree = SOURCE_ROOT; };
		C0448C4BF1B7C4AD66CEAD94 /* CoreAudioKit.framework */ = {isa = PBXFileReference; lastKnownFileType = wrapper.framework; name = CoreAudioKit.framework; path = System/Library/Frameworks/CoreAudioKit.framework; sourceTree = SDKROOT; };
		CA6CD5CA7686F351E8642568 /* juce_graphics */ = {isa = PBXFileReference; lastKnownFileType = text; name = juce_graphics; path = "~/JUCE/modules/juce_graphics"; sourceTree = "<absolute>"; };
		CA79A687DB37A4DA39F31C28 /* include_juce_audio_formats.mm */ = {isa = PBXFileReference; lastKnownFileType = sourcecode.cpp.objcpp; name = include_juce_audio_formats.mm; path = ../../JuceLibraryCode/include_juce_audio_formats.mm; sourceTree = SOURCE_ROOT; };
		CD1B2E2988A7778B9B628412 /* QuartzCore.framework */ = {isa = PBXFileReference; lastKnownFileType = wrapper.framework; name = QuartzCore.framework; path = System/Library/Frameworks/QuartzCore.framework; sourceTree = SDKROOT; };
		CFDF89FBDF2D605940112B84 /* juce_audio_processors */ = {isa = PBXFileReference; lastKnownFileType = text; name = juce_audio_processors; path = "~/JUCE/modules/juce_audio_processors"; sourceTree = "<absolute>"; };
		D555F5798C87D89D24ED49E7 /* Plug1n.vst3 */ = {isa = PBXFileReference; explicitFileType = wrapper.cfbundle; includeInIndex = 0; path = Plug1n.vst3; sourceTree = BUILT_PRODUCTS_DIR; };
		D9F06B6FCF915DFC70AB5CF8 /* include_juce_core.mm */ = {isa = PBXFileReference; lastKnownFileType = sourcecode.cpp.objcpp; name = include_juce_core.mm; path = ../../JuceLibraryCode/include_juce_core.mm; sourceTree = SOURCE_ROOT; };
		DC796358BB6CA3B5DB362215 /* juce_events */ = {isa = PBXFileReference; lastKnownFileType = text; name = juce_events; path = "~/JUCE/modules/juce_events"; sourceTree = "<absolute>"; };
		DCFB681DC0AF3D7C2F0D60B7 /* include_juce_audio_plugin_client_Standalone.cpp */ = {isa = PBXFileReference; lastKnownFileType = sourcecode.cpp.cpp; name = include_juce_audio_plugin_client_Standalone.cpp; path = ../../JuceLibraryCode/include_juce_audio_plugin_client_Standalone.cpp; sourceTree = SOURCE_ROOT; };
		E055C8D36F54A76DED90C139 /* include_juce_audio_plugin_client_utils.cpp */ = {isa = PBXFileReference; lastKnownFileType = sourcecode.cpp.cpp; name = include_juce_audio_plugin_client_utils.cpp; path = ../../JuceLibraryCode/include_juce_audio_plugin_client_utils.cpp; sourceTree = SOURCE_ROOT; };
		E1B7DB76DA61C51D31824789 /* juce_audio_basics */ = {isa = PBXFileReference; lastKnownFileType = text; name = juce_audio_basics; path = "~/JUCE/modules/juce_audio_basics"; sourceTree = "<absolute>"; };
		E3F43D9C91491F5D7CF40C42 /* Carbon.framework */ = {isa = PBXFileReference; lastKnownFileType = wrapper.framework; name = Carbon.framework; path = System/Library/Frameworks/Carbon.framework; sourceTree = SDKROOT; };
		E6D3BEAF7ECCE297A0B2BCDF /* juce_audio_utils */ = {isa = PBXFileReference; lastKnownFileType = text; name = juce_audio_utils; path = "~/JUCE/modules/juce_audio_utils"; sourceTree = "<absolute>"; };
		ED95C0BD44416A3E374516C2 /* PluginEditor.cpp */ = {isa = PBXFileReference; lastKnownFileType = sourcecode.cpp.cpp; name = PluginEditor.cpp; path = ../../Source/PluginEditor.cpp; sourceTree = SOURCE_ROOT; };
		F500652D406672B953CF603A /* PluginProcessor.cpp */ = {isa = PBXFileReference; lastKnownFileType = sourcecode.cpp.cpp; name = PluginProcessor.cpp; path = ../../Source/PluginProcessor.cpp; sourceTree = SOURCE_ROOT; };
		FE3A2E74DAD4EC3D7AF71DEF /* DiscRecording.framework */ = {isa = PBXFileReference; lastKnownFileType = wrapper.framework; name = DiscRecording.framework; path = System/Library/Frameworks/DiscRecording.framework; sourceTree = SDKROOT; };
		FEB368629E5AE2E84B3D2900 /* include_juce_audio_processors.mm */ = {isa = PBXFileReference; lastKnownFileType = sourcecode.cpp.objcpp; name = include_juce_audio_processors.mm; path = ../../JuceLibraryCode/include_juce_audio_processors.mm; sourceTree = SOURCE_ROOT; };
/* End PBXFileReference section */

/* Begin PBXFrameworksBuildPhase section */
		0668B7DF0E33E10BEF6EC2B2 /* Frameworks */ = {
			isa = PBXFrameworksBuildPhase;
			buildActionMask = 2147483647;
			files = (
				25553E7924B051A50010D9D3 /* Accelerate.framework in Frameworks */,
				25553E7A24B051A50010D9D3 /* AudioToolbox.framework in Frameworks */,
				25553E7B24B051A50010D9D3 /* Carbon.framework in Frameworks */,
				25553E7C24B051A50010D9D3 /* Cocoa.framework in Frameworks */,
				25553E7D24B051A50010D9D3 /* CoreAudio.framework in Frameworks */,
				25553E7E24B051A50010D9D3 /* CoreAudioKit.framework in Frameworks */,
				25553E7F24B051A50010D9D3 /* CoreMIDI.framework in Frameworks */,
				25553E8024B051A50010D9D3 /* DiscRecording.framework in Frameworks */,
				25553E8124B051A50010D9D3 /* IOKit.framework in Frameworks */,
				25553E8224B051A50010D9D3 /* QuartzCore.framework in Frameworks */,
				25553E8324B051A50010D9D3 /* WebKit.framework in Frameworks */,
			);
			runOnlyForDeploymentPostprocessing = 0;
		};
		764E7F8C4B6841E3D539EB3F /* Frameworks */ = {
			isa = PBXFrameworksBuildPhase;
			buildActionMask = 2147483647;
			files = (
				676389221F3501C8E6F3A854 /* Accelerate.framework in Frameworks */,
				6B46C7B43ACFE1C8BDDD1BAE /* AudioToolbox.framework in Frameworks */,
				F6CA0732057F0F3C4FE22BCA /* Carbon.framework in Frameworks */,
				4AFA3C52371F8FFFDCAA4BC3 /* Cocoa.framework in Frameworks */,
				AF0D13CB011EBFCFCCDD5364 /* CoreAudio.framework in Frameworks */,
				9ABA419380F5B15F5340FA74 /* CoreAudioKit.framework in Frameworks */,
				D760DE95387790FA724CD54A /* CoreMIDI.framework in Frameworks */,
				1793C0FFEFA03D98189C8239 /* DiscRecording.framework in Frameworks */,
				CB3ED3570898052F04408913 /* IOKit.framework in Frameworks */,
				BF9BF37DB3DB3C3422974D1E /* QuartzCore.framework in Frameworks */,
				9A1919DFA7B7175CB02AA691 /* WebKit.framework in Frameworks */,
			);
			runOnlyForDeploymentPostprocessing = 0;
		};
		8A9B70157097FF8B97B00B8B /* Frameworks */ = {
			isa = PBXFrameworksBuildPhase;
			buildActionMask = 2147483647;
			files = (
				B463D734F9FCB59FC1DF2600 /* AudioUnit.framework in Frameworks */,
				25553E6D24B051A50010D9D3 /* Accelerate.framework in Frameworks */,
				25553E6E24B051A50010D9D3 /* AudioToolbox.framework in Frameworks */,
				25553E6F24B051A50010D9D3 /* Carbon.framework in Frameworks */,
				25553E7024B051A50010D9D3 /* Cocoa.framework in Frameworks */,
				25553E7124B051A50010D9D3 /* CoreAudio.framework in Frameworks */,
				25553E7224B051A50010D9D3 /* CoreAudioKit.framework in Frameworks */,
				25553E7324B051A50010D9D3 /* CoreMIDI.framework in Frameworks */,
				25553E7424B051A50010D9D3 /* DiscRecording.framework in Frameworks */,
				25553E7524B051A50010D9D3 /* IOKit.framework in Frameworks */,
				25553E7624B051A50010D9D3 /* QuartzCore.framework in Frameworks */,
				25553E7724B051A50010D9D3 /* WebKit.framework in Frameworks */,
			);
			runOnlyForDeploymentPostprocessing = 0;
		};
/* End PBXFrameworksBuildPhase section */

/* Begin PBXGroup section */
		1F1410AF71BD5DFFCA5AA492 /* Products */ = {
			isa = PBXGroup;
			children = (
				D555F5798C87D89D24ED49E7 /* Plug1n.vst3 */,
				0C12737760F69BF9FB196A88 /* Plug1n.component */,
				8E31505AD23F483F2706323A /* Plug1n.app */,
				5A545368BFD5CD419ED9E60B /* libPlug1n.a */,
			);
			name = Products;
			sourceTree = "<group>";
		};
		202E932943B3EF5D3E7774C6 /* Source */ = {
			isa = PBXGroup;
			children = (
				F500652D406672B953CF603A /* PluginProcessor.cpp */,
				3400193E159E7B7BA92E3324 /* PluginProcessor.h */,
				ED95C0BD44416A3E374516C2 /* PluginEditor.cpp */,
				0CCA32BB3351C496ADE3E7D8 /* PluginEditor.h */,
			);
			name = Source;
			sourceTree = "<group>";
		};
		29DB6473692779DF01B102C5 /* Plug1n */ = {
			isa = PBXGroup;
			children = (
				202E932943B3EF5D3E7774C6 /* Source */,
			);
			name = Plug1n;
			sourceTree = "<group>";
		};
		667C5C026F4A2C509A92D7C9 /* Frameworks */ = {
			isa = PBXGroup;
			children = (
				3C492CD39377725875394D92 /* AudioUnit.framework */,
				181CF78969468B0AAE9CC232 /* Accelerate.framework */,
				8483F20B0A00C40D310DAB7D /* AudioToolbox.framework */,
				E3F43D9C91491F5D7CF40C42 /* Carbon.framework */,
				768588ECA7205555A96BBD8C /* Cocoa.framework */,
				2B6242B6DE093C9059A326E4 /* CoreAudio.framework */,
				C0448C4BF1B7C4AD66CEAD94 /* CoreAudioKit.framework */,
				B16E6B958C904B431432E484 /* CoreMIDI.framework */,
				FE3A2E74DAD4EC3D7AF71DEF /* DiscRecording.framework */,
				8D6A88CFA49DFD6DFD888104 /* IOKit.framework */,
				CD1B2E2988A7778B9B628412 /* QuartzCore.framework */,
				8A41208E71E8B70EF403003D /* WebKit.framework */,
			);
			name = Frameworks;
			sourceTree = "<group>";
		};
		7ECA4BEE8A83D8B0C67847BD /* JUCE Library Code */ = {
			isa = PBXGroup;
			children = (
				73DC41FCED18DCB53B1F5364 /* include_juce_audio_basics.mm */,
				7F0CA75D65C63043488640E5 /* include_juce_audio_devices.mm */,
				CA79A687DB37A4DA39F31C28 /* include_juce_audio_formats.mm */,
				AB53DEC6866C9D51F0241606 /* include_juce_audio_plugin_client_AU.r */,
				476CE6A18A3446185BB8BC36 /* include_juce_audio_plugin_client_AU_1.mm */,
				74AC4238D19F51C7CCB8D512 /* include_juce_audio_plugin_client_AU_2.mm */,
				DCFB681DC0AF3D7C2F0D60B7 /* include_juce_audio_plugin_client_Standalone.cpp */,
				E055C8D36F54A76DED90C139 /* include_juce_audio_plugin_client_utils.cpp */,
				062A11035144472ED135C27D /* include_juce_audio_plugin_client_VST_utils.mm */,
				006A6AD98C28C5FA161F38A1 /* include_juce_audio_plugin_client_VST3.cpp */,
				FEB368629E5AE2E84B3D2900 /* include_juce_audio_processors.mm */,
				074FBF48734C0F380115840F /* include_juce_audio_utils.mm */,
				D9F06B6FCF915DFC70AB5CF8 /* include_juce_core.mm */,
				7C8D70E217FEA749EC63C9ED /* include_juce_data_structures.mm */,
				83DF63DE6DA9C458FEE55295 /* include_juce_events.mm */,
				BBF10AF10D670CCDB30F50D2 /* include_juce_graphics.mm */,
				BE116BD8061E725751FB1C97 /* include_juce_gui_basics.mm */,
				032413D36FAF3FDD5D2042C7 /* include_juce_gui_extra.mm */,
				06223FA89D6084B95A4C82C2 /* JuceHeader.h */,
				1FE0A6C1617CF2B2466E78F7 /* JucePluginDefines.h */,
			);
			name = "JUCE Library Code";
			sourceTree = "<group>";
		};
		8D72003577A3B9BA254666FD /* JUCE Modules */ = {
			isa = PBXGroup;
			children = (
				E1B7DB76DA61C51D31824789 /* juce_audio_basics */,
				0621AD5E109A189860F2ED79 /* juce_audio_devices */,
				185A4F3863078F54D343E6F1 /* juce_audio_formats */,
				83974A22B9104F0C1CF5446B /* juce_audio_plugin_client */,
				CFDF89FBDF2D605940112B84 /* juce_audio_processors */,
				E6D3BEAF7ECCE297A0B2BCDF /* juce_audio_utils */,
				77E1612ABFEAF41F947D6F4D /* juce_core */,
				01772A7C9F64C2018FE69D63 /* juce_data_structures */,
				DC796358BB6CA3B5DB362215 /* juce_events */,
				CA6CD5CA7686F351E8642568 /* juce_graphics */,
				4BCA4C17C0C142B24DE4E33E /* juce_gui_basics */,
				5FF2FA73BF8B2A9136EE58D0 /* juce_gui_extra */,
			);
			name = "JUCE Modules";
			sourceTree = "<group>";
		};
		95AF451F4DCE14F4E124C628 /* Source */ = {
			isa = PBXGroup;
			children = (
				29DB6473692779DF01B102C5 /* Plug1n */,
				8D72003577A3B9BA254666FD /* JUCE Modules */,
				7ECA4BEE8A83D8B0C67847BD /* JUCE Library Code */,
				D290456FCDA53B475894985C /* Resources */,
				667C5C026F4A2C509A92D7C9 /* Frameworks */,
				1F1410AF71BD5DFFCA5AA492 /* Products */,
			);
			name = Source;
			sourceTree = "<group>";
		};
		D290456FCDA53B475894985C /* Resources */ = {
			isa = PBXGroup;
			children = (
				05C93A1195BD623F4B12220A /* Info-VST3.plist */,
				89269AE6376DB2A0F48E3250 /* Info-AU.plist */,
				1FD6517F7B1E3CC3CE0DEB2A /* Info-Standalone_Plugin.plist */,
				B4A1CF0202477ED576DDDC0C /* RecentFilesMenuTemplate.nib */,
			);
			name = Resources;
			sourceTree = "<group>";
		};
/* End PBXGroup section */

/* Begin PBXNativeTarget section */
		128467C41BDCBCA09CC24F65 /* Plug1n - AU */ = {
			isa = PBXNativeTarget;
			buildConfigurationList = FBF4EFB55A040B3AEE9A5021 /* Build configuration list for PBXNativeTarget "Plug1n - AU" */;
			buildPhases = (
				BB75FACA3136E3B48754489F /* Resources */,
				FE29F170E062EAED4BBA8C4A /* Rez */,
				D2D3ABE420F4B3AF766ADDE2 /* Sources */,
				8A9B70157097FF8B97B00B8B /* Frameworks */,
			);
			buildRules = (
			);
			dependencies = (
				FFF1015AD7BA64DA54C85D5D /* PBXTargetDependency */,
			);
			name = "Plug1n - AU";
			productName = Plug1n;
			productReference = 0C12737760F69BF9FB196A88 /* Plug1n.component */;
			productType = "com.apple.product-type.bundle";
		};
		60A69396C4536691B3351778 /* Plug1n - Standalone Plugin */ = {
			isa = PBXNativeTarget;
			buildConfigurationList = 076AF09F13D2882E7C05E0C2 /* Build configuration list for PBXNativeTarget "Plug1n - Standalone Plugin" */;
			buildPhases = (
				76F2FFB9B2816FA74BB519F7 /* Resources */,
				4F68A80C4B24F0EE02902EAD /* Sources */,
				0668B7DF0E33E10BEF6EC2B2 /* Frameworks */,
			);
			buildRules = (
			);
			dependencies = (
				94AB174FE5DF61CFA260D85B /* PBXTargetDependency */,
			);
			name = "Plug1n - Standalone Plugin";
			productName = Plug1n;
			productReference = 8E31505AD23F483F2706323A /* Plug1n.app */;
			productType = "com.apple.product-type.application";
		};
		65CD6B64EB1C8790BBF50819 /* Plug1n - Shared Code */ = {
			isa = PBXNativeTarget;
			buildConfigurationList = 2302F403CA630B93F05CD733 /* Build configuration list for PBXNativeTarget "Plug1n - Shared Code" */;
			buildPhases = (
				1C38CEC7783ADD90CF3D5F0F /* Sources */,
			);
			buildRules = (
			);
			dependencies = (
			);
			name = "Plug1n - Shared Code";
			productName = Plug1n;
			productReference = 5A545368BFD5CD419ED9E60B /* libPlug1n.a */;
			productType = "com.apple.product-type.library.static";
		};
		B2D7925DF3D78B19FA8E6200 /* Plug1n - VST3 */ = {
			isa = PBXNativeTarget;
			buildConfigurationList = CB7E707462E31735F6017FF6 /* Build configuration list for PBXNativeTarget "Plug1n - VST3" */;
			buildPhases = (
				FD10B6DA2BE7F95FF6851700 /* Resources */,
				94744B530859E5C1CDE162BE /* Sources */,
				764E7F8C4B6841E3D539EB3F /* Frameworks */,
			);
			buildRules = (
			);
			dependencies = (
				B8FC257C9A24D7B3A80700C5 /* PBXTargetDependency */,
			);
			name = "Plug1n - VST3";
			productName = Plug1n;
			productReference = D555F5798C87D89D24ED49E7 /* Plug1n.vst3 */;
			productType = "com.apple.product-type.bundle";
		};
/* End PBXNativeTarget section */

/* Begin PBXProject section */
		4876896738754801F5564C24 /* Project object */ = {
			isa = PBXProject;
			attributes = {
				LastUpgradeCheck = 1100;
				ORGANIZATIONNAME = "";
				TargetAttributes = {
					128467C41BDCBCA09CC24F65 = {
						SystemCapabilities = {
							com.apple.ApplicationGroups.iOS = {
								enabled = 0;
							};
							com.apple.HardenedRuntime = {
								enabled = 0;
							};
							com.apple.InAppPurchase = {
								enabled = 0;
							};
							com.apple.InterAppAudio = {
								enabled = 0;
							};
							com.apple.Push = {
								enabled = 0;
							};
							com.apple.Sandbox = {
								enabled = 0;
							};
						};
					};
					4799E66577659C52B6953AF3 = {
						SystemCapabilities = {
							com.apple.ApplicationGroups.iOS = {
								enabled = 0;
							};
							com.apple.HardenedRuntime = {
								enabled = 0;
							};
							com.apple.InAppPurchase = {
								enabled = 0;
							};
							com.apple.InterAppAudio = {
								enabled = 0;
							};
							com.apple.Push = {
								enabled = 0;
							};
							com.apple.Sandbox = {
								enabled = 0;
							};
						};
					};
					60A69396C4536691B3351778 = {
						SystemCapabilities = {
							com.apple.ApplicationGroups.iOS = {
								enabled = 0;
							};
							com.apple.HardenedRuntime = {
								enabled = 0;
							};
							com.apple.InAppPurchase = {
								enabled = 0;
							};
							com.apple.InterAppAudio = {
								enabled = 0;
							};
							com.apple.Push = {
								enabled = 0;
							};
							com.apple.Sandbox = {
								enabled = 0;
							};
						};
					};
					65CD6B64EB1C8790BBF50819 = {
						SystemCapabilities = {
							com.apple.ApplicationGroups.iOS = {
								enabled = 0;
							};
							com.apple.HardenedRuntime = {
								enabled = 0;
							};
							com.apple.InAppPurchase = {
								enabled = 0;
							};
							com.apple.InterAppAudio = {
								enabled = 0;
							};
							com.apple.Push = {
								enabled = 0;
							};
							com.apple.Sandbox = {
								enabled = 0;
							};
						};
					};
					B2D7925DF3D78B19FA8E6200 = {
						SystemCapabilities = {
							com.apple.ApplicationGroups.iOS = {
								enabled = 0;
							};
							com.apple.HardenedRuntime = {
								enabled = 0;
							};
							com.apple.InAppPurchase = {
								enabled = 0;
							};
							com.apple.InterAppAudio = {
								enabled = 0;
							};
							com.apple.Push = {
								enabled = 0;
							};
							com.apple.Sandbox = {
								enabled = 0;
							};
						};
					};
				};
			};
			buildConfigurationList = 92A1407C9524D18B4CCDBE24 /* Build configuration list for PBXProject "Plug1n" */;
			compatibilityVersion = "Xcode 3.2";
			developmentRegion = en;
			hasScannedForEncodings = 0;
			knownRegions = (
				en,
				Base,
			);
			mainGroup = 95AF451F4DCE14F4E124C628 /* Source */;
			projectDirPath = "";
			projectRoot = "";
			targets = (
				4799E66577659C52B6953AF3 /* Plug1n - All */,
				B2D7925DF3D78B19FA8E6200 /* Plug1n - VST3 */,
				128467C41BDCBCA09CC24F65 /* Plug1n - AU */,
				60A69396C4536691B3351778 /* Plug1n - Standalone Plugin */,
				65CD6B64EB1C8790BBF50819 /* Plug1n - Shared Code */,
			);
		};
/* End PBXProject section */

/* Begin PBXResourcesBuildPhase section */
		76F2FFB9B2816FA74BB519F7 /* Resources */ = {
			isa = PBXResourcesBuildPhase;
			buildActionMask = 2147483647;
			files = (
				25553E7824B051A50010D9D3 /* RecentFilesMenuTemplate.nib in Resources */,
			);
			runOnlyForDeploymentPostprocessing = 0;
		};
		BB75FACA3136E3B48754489F /* Resources */ = {
			isa = PBXResourcesBuildPhase;
			buildActionMask = 2147483647;
			files = (
				25553E6C24B051A50010D9D3 /* RecentFilesMenuTemplate.nib in Resources */,
			);
			runOnlyForDeploymentPostprocessing = 0;
		};
		FD10B6DA2BE7F95FF6851700 /* Resources */ = {
			isa = PBXResourcesBuildPhase;
			buildActionMask = 2147483647;
			files = (
				A892BB20ACF8D4EE56EB4542 /* RecentFilesMenuTemplate.nib in Resources */,
			);
			runOnlyForDeploymentPostprocessing = 0;
		};
/* End PBXResourcesBuildPhase section */

/* Begin PBXRezBuildPhase section */
		FE29F170E062EAED4BBA8C4A /* Rez */ = {
			isa = PBXRezBuildPhase;
			buildActionMask = 2147483647;
			files = (
				413DE34C1A496BA371A61E6A /* include_juce_audio_plugin_client_AU.r in Rez */,
			);
			runOnlyForDeploymentPostprocessing = 0;
		};
/* End PBXRezBuildPhase section */

/* Begin PBXSourcesBuildPhase section */
		1C38CEC7783ADD90CF3D5F0F /* Sources */ = {
			isa = PBXSourcesBuildPhase;
			buildActionMask = 2147483647;
			files = (
				09FC43E65AE860E880F1D9E2 /* PluginProcessor.cpp in Sources */,
				0593337AF6588098CB6C1893 /* PluginEditor.cpp in Sources */,
				EB6892FDD72B446395A0DF28 /* include_juce_audio_basics.mm in Sources */,
				E7D3C57D6E9319D2D0B087A6 /* include_juce_audio_devices.mm in Sources */,
				719DC284CD637A528D4BB396 /* include_juce_audio_formats.mm in Sources */,
				BA9F8AB0C89462B30F60334A /* include_juce_audio_plugin_client_utils.cpp in Sources */,
				EAD2FA5CB131EB76715B51DB /* include_juce_audio_plugin_client_VST_utils.mm in Sources */,
				E17EB09378DC080AB427934A /* include_juce_audio_processors.mm in Sources */,
				5C13C87D1F86BC680F9C62C7 /* include_juce_audio_utils.mm in Sources */,
				34E19B0530021F2C1079A6C8 /* include_juce_core.mm in Sources */,
				3323026D232AC1222B968875 /* include_juce_data_structures.mm in Sources */,
				68DFA4F788B633C05F33B7D6 /* include_juce_events.mm in Sources */,
				B4646F37A0775E54BCC40718 /* include_juce_graphics.mm in Sources */,
				A5F4A7062EFEDA610277B916 /* include_juce_gui_basics.mm in Sources */,
				92D6D1F5D0D1FA425B42B1C1 /* include_juce_gui_extra.mm in Sources */,
			);
			runOnlyForDeploymentPostprocessing = 0;
		};
		4F68A80C4B24F0EE02902EAD /* Sources */ = {
			isa = PBXSourcesBuildPhase;
			buildActionMask = 2147483647;
			files = (
				1831FB7996659F4A72B84377 /* include_juce_audio_plugin_client_Standalone.cpp in Sources */,
			);
			runOnlyForDeploymentPostprocessing = 0;
		};
		94744B530859E5C1CDE162BE /* Sources */ = {
			isa = PBXSourcesBuildPhase;
			buildActionMask = 2147483647;
			files = (
				74B559C2A28143F75A2277E3 /* include_juce_audio_plugin_client_VST3.cpp in Sources */,
			);
			runOnlyForDeploymentPostprocessing = 0;
		};
		D2D3ABE420F4B3AF766ADDE2 /* Sources */ = {
			isa = PBXSourcesBuildPhase;
			buildActionMask = 2147483647;
			files = (
				736B9D56F5FBC70377B8DA4D /* include_juce_audio_plugin_client_AU_1.mm in Sources */,
				420BFD9DE430110C5ACE323D /* include_juce_audio_plugin_client_AU_2.mm in Sources */,
			);
			runOnlyForDeploymentPostprocessing = 0;
		};
/* End PBXSourcesBuildPhase section */

/* Begin PBXTargetDependency section */
		7B7CD6650211265719B79474 /* PBXTargetDependency */ = {
			isa = PBXTargetDependency;
			target = 128467C41BDCBCA09CC24F65 /* Plug1n - AU */;
			targetProxy = 25553E8824B051A60010D9D3 /* PBXContainerItemProxy */;
		};
		87E9DC165108B39E586613E0 /* PBXTargetDependency */ = {
			isa = PBXTargetDependency;
			target = 65CD6B64EB1C8790BBF50819 /* Plug1n - Shared Code */;
			targetProxy = 25553E8A24B051A60010D9D3 /* PBXContainerItemProxy */;
		};
		94AB174FE5DF61CFA260D85B /* PBXTargetDependency */ = {
			isa = PBXTargetDependency;
			target = 65CD6B64EB1C8790BBF50819 /* Plug1n - Shared Code */;
			targetProxy = 25553E8624B051A60010D9D3 /* PBXContainerItemProxy */;
		};
		9CB23328B519E3BF2AAB098B /* PBXTargetDependency */ = {
			isa = PBXTargetDependency;
			target = B2D7925DF3D78B19FA8E6200 /* Plug1n - VST3 */;
			targetProxy = 25553E8724B051A60010D9D3 /* PBXContainerItemProxy */;
		};
		B8FC257C9A24D7B3A80700C5 /* PBXTargetDependency */ = {
			isa = PBXTargetDependency;
			target = 65CD6B64EB1C8790BBF50819 /* Plug1n - Shared Code */;
			targetProxy = 25553E8424B051A60010D9D3 /* PBXContainerItemProxy */;
		};
		C3DF2F4AE173EDB96B90F58A /* PBXTargetDependency */ = {
			isa = PBXTargetDependency;
			target = 60A69396C4536691B3351778 /* Plug1n - Standalone Plugin */;
			targetProxy = 25553E8924B051A60010D9D3 /* PBXContainerItemProxy */;
		};
		FFF1015AD7BA64DA54C85D5D /* PBXTargetDependency */ = {
			isa = PBXTargetDependency;
			target = 65CD6B64EB1C8790BBF50819 /* Plug1n - Shared Code */;
			targetProxy = 25553E8524B051A60010D9D3 /* PBXContainerItemProxy */;
		};
/* End PBXTargetDependency section */

/* Begin XCBuildConfiguration section */
		083FF58BD04EB0E1DB508686 /* Release */ = {
			isa = XCBuildConfiguration;
			buildSettings = {
				ALWAYS_SEARCH_USER_PATHS = NO;
				CLANG_ENABLE_OBJC_WEAK = YES;
				CLANG_WARN_BLOCK_CAPTURE_AUTORELEASING = YES;
				CLANG_WARN_BOOL_CONVERSION = YES;
				CLANG_WARN_COMMA = YES;
				CLANG_WARN_CONSTANT_CONVERSION = YES;
				CLANG_WARN_DEPRECATED_OBJC_IMPLEMENTATIONS = YES;
				CLANG_WARN_EMPTY_BODY = YES;
				CLANG_WARN_ENUM_CONVERSION = YES;
				CLANG_WARN_INFINITE_RECURSION = YES;
				CLANG_WARN_INT_CONVERSION = YES;
				CLANG_WARN_NON_LITERAL_NULL_CONVERSION = YES;
				CLANG_WARN_OBJC_IMPLICIT_RETAIN_SELF = YES;
				CLANG_WARN_OBJC_LITERAL_CONVERSION = YES;
				CLANG_WARN_RANGE_LOOP_ANALYSIS = YES;
				CLANG_WARN_STRICT_PROTOTYPES = YES;
				CLANG_WARN_SUSPICIOUS_MOVE = YES;
				CLANG_WARN_UNREACHABLE_CODE = YES;
				CLANG_WARN__DUPLICATE_METHOD_MATCH = YES;
				CODE_SIGN_IDENTITY = "";
				DEBUG_INFORMATION_FORMAT = dwarf;
				ENABLE_STRICT_OBJC_MSGSEND = YES;
				ENABLE_TESTABILITY = NO;
				GCC_C_LANGUAGE_STANDARD = c11;
				GCC_INLINES_ARE_PRIVATE_EXTERN = YES;
				GCC_MODEL_TUNING = G5;
				GCC_NO_COMMON_BLOCKS = YES;
				GCC_SYMBOLS_PRIVATE_EXTERN = YES;
				GCC_WARN_64_TO_32_BIT_CONVERSION = YES;
				GCC_WARN_ABOUT_RETURN_TYPE = YES;
				GCC_WARN_CHECK_SWITCH_STATEMENTS = YES;
				GCC_WARN_MISSING_PARENTHESES = YES;
				GCC_WARN_NON_VIRTUAL_DESTRUCTOR = YES;
				GCC_WARN_TYPECHECK_CALLS_TO_PRINTF = YES;
				GCC_WARN_UNDECLARED_SELECTOR = YES;
				GCC_WARN_UNINITIALIZED_AUTOS = YES;
				GCC_WARN_UNUSED_FUNCTION = YES;
				GCC_WARN_UNUSED_VARIABLE = YES;
				PRODUCT_NAME = Plug1n;
				SDKROOT = macosx;
				WARNING_CFLAGS = "-Wreorder";
				ZERO_LINK = NO;
			};
			name = Release;
		};
		1A4066639AF88670FF0EB61D /* Debug */ = {
			isa = XCBuildConfiguration;
			buildSettings = {
				MACOSX_DEPLOYMENT_TARGET = 10.11;
				SDKROOT = macosx;
			};
			name = Debug;
		};
		1BFFF20A78CD54419C2FF855 /* Debug */ = {
			isa = XCBuildConfiguration;
			buildSettings = {
				CLANG_CXX_LANGUAGE_STANDARD = "c++14";
				CLANG_CXX_LIBRARY = "libc++";
				CLANG_LINK_OBJC_RUNTIME = NO;
				CODE_SIGN_IDENTITY = "";
				COMBINE_HIDPI_IMAGES = YES;
				CONFIGURATION_BUILD_DIR = "$(PROJECT_DIR)/build/$(CONFIGURATION)";
				COPY_PHASE_STRIP = NO;
				DEPLOYMENT_LOCATION = YES;
				DSTROOT = /;
				GCC_DYNAMIC_NO_PIC = NO;
				GCC_OPTIMIZATION_LEVEL = 0;
				GCC_PREPROCESSOR_DEFINITIONS = (
					"_DEBUG=1",
					"DEBUG=1",
					"JUCER_XCODE_MAC_F6D2F4CF=1",
					"JUCE_APP_VERSION=1.0.0",
					"JUCE_APP_VERSION_HEX=0x10000",
					"JucePlugin_Build_VST=0",
					"JucePlugin_Build_VST3=1",
					"JucePlugin_Build_AU=1",
					"JucePlugin_Build_AUv3=0",
					"JucePlugin_Build_RTAS=0",
					"JucePlugin_Build_AAX=0",
					"JucePlugin_Build_Standalone=1",
					"JucePlugin_Build_Unity=0",
					"JUCE_DISPLAY_SPLASH_SCREEN=1",
					"JUCE_USE_DARK_SPLASH_SCREEN=1",
					"JUCE_PROJUCER_VERSION=0x60000",
					"JUCE_MODULE_AVAILABLE_juce_audio_basics=1",
					"JUCE_MODULE_AVAILABLE_juce_audio_devices=1",
					"JUCE_MODULE_AVAILABLE_juce_audio_formats=1",
					"JUCE_MODULE_AVAILABLE_juce_audio_plugin_client=1",
					"JUCE_MODULE_AVAILABLE_juce_audio_processors=1",
					"JUCE_MODULE_AVAILABLE_juce_audio_utils=1",
					"JUCE_MODULE_AVAILABLE_juce_core=1",
					"JUCE_MODULE_AVAILABLE_juce_data_structures=1",
					"JUCE_MODULE_AVAILABLE_juce_events=1",
					"JUCE_MODULE_AVAILABLE_juce_graphics=1",
					"JUCE_MODULE_AVAILABLE_juce_gui_basics=1",
					"JUCE_MODULE_AVAILABLE_juce_gui_extra=1",
					"JUCE_GLOBAL_MODULE_SETTINGS_INCLUDED=1",
					"JUCE_VST3_CAN_REPLACE_VST2=0",
					"JUCE_STRICT_REFCOUNTEDPOINTER=1",
					"JucePlugin_Enable_IAA=0",
					"JucePlugin_Name=\\\"Plug1n\\\"",
					"JucePlugin_Desc=\\\"Plug1n\\\"",
					"JucePlugin_Manufacturer=\\\"yourcompany\\\"",
					"JucePlugin_ManufacturerWebsite=\\\"\\\"",
					"JucePlugin_ManufacturerEmail=\\\"\\\"",
					"JucePlugin_ManufacturerCode=0x4d616e75",
					"JucePlugin_PluginCode=0x56737176",
					"JucePlugin_IsSynth=0",
					"JucePlugin_WantsMidiInput=0",
					"JucePlugin_ProducesMidiOutput=0",
					"JucePlugin_IsMidiEffect=0",
					"JucePlugin_EditorRequiresKeyboardFocus=0",
					"JucePlugin_Version=1.0.0",
					"JucePlugin_VersionCode=0x10000",
					"JucePlugin_VersionString=\\\"1.0.0\\\"",
					"JucePlugin_VSTUniqueID=JucePlugin_PluginCode",
					"JucePlugin_VSTCategory=kPlugCategEffect",
					"JucePlugin_Vst3Category=\\\"Fx\\\"",
					"JucePlugin_AUMainType='aufx'",
					"JucePlugin_AUSubType=JucePlugin_PluginCode",
					"JucePlugin_AUExportPrefix=Plug1nAU",
					"JucePlugin_AUExportPrefixQuoted=\\\"Plug1nAU\\\"",
					"JucePlugin_AUManufacturerCode=JucePlugin_ManufacturerCode",
					"JucePlugin_CFBundleIdentifier=com.yourcompany.Plug1n",
					"JucePlugin_RTASCategory=0",
					"JucePlugin_RTASManufacturerCode=JucePlugin_ManufacturerCode",
					"JucePlugin_RTASProductId=JucePlugin_PluginCode",
					"JucePlugin_RTASDisableBypass=0",
					"JucePlugin_RTASDisableMultiMono=0",
					"JucePlugin_AAXIdentifier=com.yourcompany.Plug1n",
					"JucePlugin_AAXManufacturerCode=JucePlugin_ManufacturerCode",
					"JucePlugin_AAXProductId=JucePlugin_PluginCode",
					"JucePlugin_AAXCategory=0",
					"JucePlugin_AAXDisableBypass=0",
					"JucePlugin_AAXDisableMultiMono=0",
					"JucePlugin_IAAType=0x61757278",
					"JucePlugin_IAASubType=JucePlugin_PluginCode",
					"JucePlugin_IAAName=\\\"yourcompany:\\ Plug1n\\\"",
					"JucePlugin_VSTNumMidiInputs=16",
					"JucePlugin_VSTNumMidiOutputs=16",
					"JUCE_STANDALONE_APPLICATION=JucePlugin_Build_Standalone",
				);
				GCC_VERSION = com.apple.compilers.llvm.clang.1_0;
				GENERATE_PKGINFO_FILE = YES;
				HEADER_SEARCH_PATHS = (
					"$(HOME)/JUCE/modules/juce_audio_processors/format_types/VST3_SDK",
					../../JuceLibraryCode,
					"$(HOME)/JUCE/modules",
					"$(HOME)/JUCE/modules/juce_audio_plugin_client",
					"$(inherited)",
				);
				INFOPLIST_FILE = "Info-VST3.plist";
				INFOPLIST_PREPROCESS = NO;
				INSTALL_PATH = "$(HOME)/Library/Audio/Plug-Ins/VST3/";
				LIBRARY_STYLE = Bundle;
				MACOSX_DEPLOYMENT_TARGET = 10.11;
				OTHER_LDFLAGS = (
					"-bundle",
					"-lPlug1n",
				);
				PRODUCT_BUNDLE_IDENTIFIER = com.yourcompany.Plug1n;
				PRODUCT_NAME = Plug1n;
				USE_HEADERMAP = NO;
				WRAPPER_EXTENSION = vst3;
			};
			name = Debug;
		};
		2ED435F3B9D299D14C07D25E /* Release */ = {
			isa = XCBuildConfiguration;
			buildSettings = {
				CLANG_CXX_LANGUAGE_STANDARD = "c++14";
				CLANG_CXX_LIBRARY = "libc++";
				CLANG_LINK_OBJC_RUNTIME = NO;
				CODE_SIGN_IDENTITY = "";
				COMBINE_HIDPI_IMAGES = YES;
				CONFIGURATION_BUILD_DIR = "$(PROJECT_DIR)/build/$(CONFIGURATION)";
				DEAD_CODE_STRIPPING = YES;
				GCC_GENERATE_DEBUGGING_SYMBOLS = NO;
				GCC_OPTIMIZATION_LEVEL = 3;
				GCC_PREPROCESSOR_DEFINITIONS = (
					"_NDEBUG=1",
					"NDEBUG=1",
					"JUCER_XCODE_MAC_F6D2F4CF=1",
					"JUCE_APP_VERSION=1.0.0",
					"JUCE_APP_VERSION_HEX=0x10000",
					"JucePlugin_Build_VST=0",
					"JucePlugin_Build_VST3=1",
					"JucePlugin_Build_AU=1",
					"JucePlugin_Build_AUv3=0",
					"JucePlugin_Build_RTAS=0",
					"JucePlugin_Build_AAX=0",
					"JucePlugin_Build_Standalone=1",
					"JucePlugin_Build_Unity=0",
					"JUCE_SHARED_CODE=1",
					"JUCE_DISPLAY_SPLASH_SCREEN=1",
					"JUCE_USE_DARK_SPLASH_SCREEN=1",
					"JUCE_PROJUCER_VERSION=0x60000",
					"JUCE_MODULE_AVAILABLE_juce_audio_basics=1",
					"JUCE_MODULE_AVAILABLE_juce_audio_devices=1",
					"JUCE_MODULE_AVAILABLE_juce_audio_formats=1",
					"JUCE_MODULE_AVAILABLE_juce_audio_plugin_client=1",
					"JUCE_MODULE_AVAILABLE_juce_audio_processors=1",
					"JUCE_MODULE_AVAILABLE_juce_audio_utils=1",
					"JUCE_MODULE_AVAILABLE_juce_core=1",
					"JUCE_MODULE_AVAILABLE_juce_data_structures=1",
					"JUCE_MODULE_AVAILABLE_juce_events=1",
					"JUCE_MODULE_AVAILABLE_juce_graphics=1",
					"JUCE_MODULE_AVAILABLE_juce_gui_basics=1",
					"JUCE_MODULE_AVAILABLE_juce_gui_extra=1",
					"JUCE_GLOBAL_MODULE_SETTINGS_INCLUDED=1",
					"JUCE_VST3_CAN_REPLACE_VST2=0",
					"JUCE_STRICT_REFCOUNTEDPOINTER=1",
					"JucePlugin_Enable_IAA=0",
					"JucePlugin_Name=\\\"Plug1n\\\"",
					"JucePlugin_Desc=\\\"Plug1n\\\"",
					"JucePlugin_Manufacturer=\\\"yourcompany\\\"",
					"JucePlugin_ManufacturerWebsite=\\\"\\\"",
					"JucePlugin_ManufacturerEmail=\\\"\\\"",
					"JucePlugin_ManufacturerCode=0x4d616e75",
					"JucePlugin_PluginCode=0x56737176",
					"JucePlugin_IsSynth=0",
					"JucePlugin_WantsMidiInput=0",
					"JucePlugin_ProducesMidiOutput=0",
					"JucePlugin_IsMidiEffect=0",
					"JucePlugin_EditorRequiresKeyboardFocus=0",
					"JucePlugin_Version=1.0.0",
					"JucePlugin_VersionCode=0x10000",
					"JucePlugin_VersionString=\\\"1.0.0\\\"",
					"JucePlugin_VSTUniqueID=JucePlugin_PluginCode",
					"JucePlugin_VSTCategory=kPlugCategEffect",
					"JucePlugin_Vst3Category=\\\"Fx\\\"",
					"JucePlugin_AUMainType='aufx'",
					"JucePlugin_AUSubType=JucePlugin_PluginCode",
					"JucePlugin_AUExportPrefix=Plug1nAU",
					"JucePlugin_AUExportPrefixQuoted=\\\"Plug1nAU\\\"",
					"JucePlugin_AUManufacturerCode=JucePlugin_ManufacturerCode",
					"JucePlugin_CFBundleIdentifier=com.yourcompany.Plug1n",
					"JucePlugin_RTASCategory=0",
					"JucePlugin_RTASManufacturerCode=JucePlugin_ManufacturerCode",
					"JucePlugin_RTASProductId=JucePlugin_PluginCode",
					"JucePlugin_RTASDisableBypass=0",
					"JucePlugin_RTASDisableMultiMono=0",
					"JucePlugin_AAXIdentifier=com.yourcompany.Plug1n",
					"JucePlugin_AAXManufacturerCode=JucePlugin_ManufacturerCode",
					"JucePlugin_AAXProductId=JucePlugin_PluginCode",
					"JucePlugin_AAXCategory=0",
					"JucePlugin_AAXDisableBypass=0",
					"JucePlugin_AAXDisableMultiMono=0",
					"JucePlugin_IAAType=0x61757278",
					"JucePlugin_IAASubType=JucePlugin_PluginCode",
					"JucePlugin_IAAName=\\\"yourcompany:\\ Plug1n\\\"",
					"JucePlugin_VSTNumMidiInputs=16",
					"JucePlugin_VSTNumMidiOutputs=16",
					"JUCE_STANDALONE_APPLICATION=JucePlugin_Build_Standalone",
				);
				GCC_VERSION = com.apple.compilers.llvm.clang.1_0;
				HEADER_SEARCH_PATHS = (
					"$(HOME)/JUCE/modules/juce_audio_processors/format_types/VST3_SDK",
					../../JuceLibraryCode,
					"$(HOME)/JUCE/modules",
					"$(HOME)/JUCE/modules/juce_audio_plugin_client",
					"$(inherited)",
				);
				INSTALL_PATH = "@executable_path/../Frameworks";
				LLVM_LTO = YES;
				MACOSX_DEPLOYMENT_TARGET = 10.11;
				PRODUCT_BUNDLE_IDENTIFIER = com.yourcompany.Plug1n;
				PRODUCT_NAME = Plug1n;
				SKIP_INSTALL = YES;
				USE_HEADERMAP = NO;
			};
			name = Release;
		};
		32694538EBBBA964A6F5B746 /* Release */ = {
			isa = XCBuildConfiguration;
			buildSettings = {
				CLANG_CXX_LANGUAGE_STANDARD = "c++14";
				CLANG_CXX_LIBRARY = "libc++";
				CLANG_LINK_OBJC_RUNTIME = NO;
				CODE_SIGN_IDENTITY = "";
				COMBINE_HIDPI_IMAGES = YES;
				CONFIGURATION_BUILD_DIR = "$(PROJECT_DIR)/build/$(CONFIGURATION)";
				DEAD_CODE_STRIPPING = YES;
				DEPLOYMENT_LOCATION = YES;
				DSTROOT = /;
				GCC_GENERATE_DEBUGGING_SYMBOLS = NO;
				GCC_OPTIMIZATION_LEVEL = 3;
				GCC_PREPROCESSOR_DEFINITIONS = (
					"_NDEBUG=1",
					"NDEBUG=1",
					"JUCER_XCODE_MAC_F6D2F4CF=1",
					"JUCE_APP_VERSION=1.0.0",
					"JUCE_APP_VERSION_HEX=0x10000",
					"JucePlugin_Build_VST=0",
					"JucePlugin_Build_VST3=1",
					"JucePlugin_Build_AU=1",
					"JucePlugin_Build_AUv3=0",
					"JucePlugin_Build_RTAS=0",
					"JucePlugin_Build_AAX=0",
					"JucePlugin_Build_Standalone=1",
					"JucePlugin_Build_Unity=0",
					"JUCE_DISPLAY_SPLASH_SCREEN=1",
					"JUCE_USE_DARK_SPLASH_SCREEN=1",
					"JUCE_PROJUCER_VERSION=0x60000",
					"JUCE_MODULE_AVAILABLE_juce_audio_basics=1",
					"JUCE_MODULE_AVAILABLE_juce_audio_devices=1",
					"JUCE_MODULE_AVAILABLE_juce_audio_formats=1",
					"JUCE_MODULE_AVAILABLE_juce_audio_plugin_client=1",
					"JUCE_MODULE_AVAILABLE_juce_audio_processors=1",
					"JUCE_MODULE_AVAILABLE_juce_audio_utils=1",
					"JUCE_MODULE_AVAILABLE_juce_core=1",
					"JUCE_MODULE_AVAILABLE_juce_data_structures=1",
					"JUCE_MODULE_AVAILABLE_juce_events=1",
					"JUCE_MODULE_AVAILABLE_juce_graphics=1",
					"JUCE_MODULE_AVAILABLE_juce_gui_basics=1",
					"JUCE_MODULE_AVAILABLE_juce_gui_extra=1",
					"JUCE_GLOBAL_MODULE_SETTINGS_INCLUDED=1",
					"JUCE_VST3_CAN_REPLACE_VST2=0",
					"JUCE_STRICT_REFCOUNTEDPOINTER=1",
					"JucePlugin_Enable_IAA=0",
					"JucePlugin_Name=\\\"Plug1n\\\"",
					"JucePlugin_Desc=\\\"Plug1n\\\"",
					"JucePlugin_Manufacturer=\\\"yourcompany\\\"",
					"JucePlugin_ManufacturerWebsite=\\\"\\\"",
					"JucePlugin_ManufacturerEmail=\\\"\\\"",
					"JucePlugin_ManufacturerCode=0x4d616e75",
					"JucePlugin_PluginCode=0x56737176",
					"JucePlugin_IsSynth=0",
					"JucePlugin_WantsMidiInput=0",
					"JucePlugin_ProducesMidiOutput=0",
					"JucePlugin_IsMidiEffect=0",
					"JucePlugin_EditorRequiresKeyboardFocus=0",
					"JucePlugin_Version=1.0.0",
					"JucePlugin_VersionCode=0x10000",
					"JucePlugin_VersionString=\\\"1.0.0\\\"",
					"JucePlugin_VSTUniqueID=JucePlugin_PluginCode",
					"JucePlugin_VSTCategory=kPlugCategEffect",
					"JucePlugin_Vst3Category=\\\"Fx\\\"",
					"JucePlugin_AUMainType='aufx'",
					"JucePlugin_AUSubType=JucePlugin_PluginCode",
					"JucePlugin_AUExportPrefix=Plug1nAU",
					"JucePlugin_AUExportPrefixQuoted=\\\"Plug1nAU\\\"",
					"JucePlugin_AUManufacturerCode=JucePlugin_ManufacturerCode",
					"JucePlugin_CFBundleIdentifier=com.yourcompany.Plug1n",
					"JucePlugin_RTASCategory=0",
					"JucePlugin_RTASManufacturerCode=JucePlugin_ManufacturerCode",
					"JucePlugin_RTASProductId=JucePlugin_PluginCode",
					"JucePlugin_RTASDisableBypass=0",
					"JucePlugin_RTASDisableMultiMono=0",
					"JucePlugin_AAXIdentifier=com.yourcompany.Plug1n",
					"JucePlugin_AAXManufacturerCode=JucePlugin_ManufacturerCode",
					"JucePlugin_AAXProductId=JucePlugin_PluginCode",
					"JucePlugin_AAXCategory=0",
					"JucePlugin_AAXDisableBypass=0",
					"JucePlugin_AAXDisableMultiMono=0",
					"JucePlugin_IAAType=0x61757278",
					"JucePlugin_IAASubType=JucePlugin_PluginCode",
					"JucePlugin_IAAName=\\\"yourcompany:\\ Plug1n\\\"",
					"JucePlugin_VSTNumMidiInputs=16",
					"JucePlugin_VSTNumMidiOutputs=16",
					"JUCE_STANDALONE_APPLICATION=JucePlugin_Build_Standalone",
				);
				GCC_VERSION = com.apple.compilers.llvm.clang.1_0;
				GENERATE_PKGINFO_FILE = YES;
				HEADER_SEARCH_PATHS = (
					"$(HOME)/JUCE/modules/juce_audio_processors/format_types/VST3_SDK",
					../../JuceLibraryCode,
					"$(HOME)/JUCE/modules",
					"$(HOME)/JUCE/modules/juce_audio_plugin_client",
					"$(inherited)",
				);
				INFOPLIST_FILE = "Info-AU.plist";
				INFOPLIST_PREPROCESS = NO;
				INSTALL_PATH = "$(HOME)/Library/Audio/Plug-Ins/Components/";
				LIBRARY_STYLE = Bundle;
				LLVM_LTO = YES;
				MACOSX_DEPLOYMENT_TARGET = 10.11;
				OTHER_LDFLAGS = (
					"-bundle",
					"-lPlug1n",
				);
				OTHER_REZFLAGS = "-d ppc_$ppc -d i386_$i386 -d ppc64_$ppc64 -d x86_64_$x86_64 -I /System/Library/Frameworks/CoreServices.framework/Frameworks/CarbonCore.framework/Versions/A/Headers -I \"$(DEVELOPER_DIR)/Extras/CoreAudio/AudioUnits/AUPublic/AUBase\" -I \"$(DEVELOPER_DIR)/Platforms/MacOSX.platform/Developer/SDKs/MacOSX.sdk/System/Library/Frameworks/AudioUnit.framework/Headers\"";
				PRODUCT_BUNDLE_IDENTIFIER = com.yourcompany.Plug1n;
				PRODUCT_NAME = Plug1n;
				USE_HEADERMAP = NO;
				WRAPPER_EXTENSION = component;
			};
			name = Release;
		};
		5899903F2E2F92A14AA6C72D /* Release */ = {
			isa = XCBuildConfiguration;
			buildSettings = {
				MACOSX_DEPLOYMENT_TARGET = 10.11;
				SDKROOT = macosx;
			};
			name = Release;
		};
		5D925E6C09830F8BAC279E5A /* Debug */ = {
			isa = XCBuildConfiguration;
			buildSettings = {
				ALWAYS_SEARCH_USER_PATHS = NO;
				CLANG_ENABLE_OBJC_WEAK = YES;
				CLANG_WARN_BLOCK_CAPTURE_AUTORELEASING = YES;
				CLANG_WARN_BOOL_CONVERSION = YES;
				CLANG_WARN_COMMA = YES;
				CLANG_WARN_CONSTANT_CONVERSION = YES;
				CLANG_WARN_DEPRECATED_OBJC_IMPLEMENTATIONS = YES;
				CLANG_WARN_EMPTY_BODY = YES;
				CLANG_WARN_ENUM_CONVERSION = YES;
				CLANG_WARN_INFINITE_RECURSION = YES;
				CLANG_WARN_INT_CONVERSION = YES;
				CLANG_WARN_NON_LITERAL_NULL_CONVERSION = YES;
				CLANG_WARN_OBJC_IMPLICIT_RETAIN_SELF = YES;
				CLANG_WARN_OBJC_LITERAL_CONVERSION = YES;
				CLANG_WARN_RANGE_LOOP_ANALYSIS = YES;
				CLANG_WARN_STRICT_PROTOTYPES = YES;
				CLANG_WARN_SUSPICIOUS_MOVE = YES;
				CLANG_WARN_UNREACHABLE_CODE = YES;
				CLANG_WARN__DUPLICATE_METHOD_MATCH = YES;
				CODE_SIGN_IDENTITY = "";
				DEBUG_INFORMATION_FORMAT = dwarf;
				ENABLE_STRICT_OBJC_MSGSEND = YES;
				ENABLE_TESTABILITY = NO;
				GCC_C_LANGUAGE_STANDARD = c11;
				GCC_INLINES_ARE_PRIVATE_EXTERN = YES;
				GCC_MODEL_TUNING = G5;
				GCC_NO_COMMON_BLOCKS = YES;
				GCC_SYMBOLS_PRIVATE_EXTERN = YES;
				GCC_WARN_64_TO_32_BIT_CONVERSION = YES;
				GCC_WARN_ABOUT_RETURN_TYPE = YES;
				GCC_WARN_CHECK_SWITCH_STATEMENTS = YES;
				GCC_WARN_MISSING_PARENTHESES = YES;
				GCC_WARN_NON_VIRTUAL_DESTRUCTOR = YES;
				GCC_WARN_TYPECHECK_CALLS_TO_PRINTF = YES;
				GCC_WARN_UNDECLARED_SELECTOR = YES;
				GCC_WARN_UNINITIALIZED_AUTOS = YES;
				GCC_WARN_UNUSED_FUNCTION = YES;
				GCC_WARN_UNUSED_VARIABLE = YES;
				ONLY_ACTIVE_ARCH = YES;
				PRODUCT_NAME = Plug1n;
				SDKROOT = macosx;
				WARNING_CFLAGS = "-Wreorder";
				ZERO_LINK = NO;
			};
			name = Debug;
		};
		891397D65ACEFA64C2F80F5A /* Release */ = {
			isa = XCBuildConfiguration;
			buildSettings = {
				CLANG_CXX_LANGUAGE_STANDARD = "c++14";
				CLANG_CXX_LIBRARY = "libc++";
				CLANG_LINK_OBJC_RUNTIME = NO;
				CODE_SIGN_IDENTITY = "";
				COMBINE_HIDPI_IMAGES = YES;
				CONFIGURATION_BUILD_DIR = "$(PROJECT_DIR)/build/$(CONFIGURATION)";
				DEAD_CODE_STRIPPING = YES;
				DEPLOYMENT_LOCATION = YES;
				DSTROOT = /;
				GCC_GENERATE_DEBUGGING_SYMBOLS = NO;
				GCC_OPTIMIZATION_LEVEL = 3;
				GCC_PREPROCESSOR_DEFINITIONS = (
					"_NDEBUG=1",
					"NDEBUG=1",
					"JUCER_XCODE_MAC_F6D2F4CF=1",
					"JUCE_APP_VERSION=1.0.0",
					"JUCE_APP_VERSION_HEX=0x10000",
					"JucePlugin_Build_VST=0",
					"JucePlugin_Build_VST3=1",
					"JucePlugin_Build_AU=1",
					"JucePlugin_Build_AUv3=0",
					"JucePlugin_Build_RTAS=0",
					"JucePlugin_Build_AAX=0",
					"JucePlugin_Build_Standalone=1",
					"JucePlugin_Build_Unity=0",
					"JUCE_DISPLAY_SPLASH_SCREEN=1",
					"JUCE_USE_DARK_SPLASH_SCREEN=1",
					"JUCE_PROJUCER_VERSION=0x60000",
					"JUCE_MODULE_AVAILABLE_juce_audio_basics=1",
					"JUCE_MODULE_AVAILABLE_juce_audio_devices=1",
					"JUCE_MODULE_AVAILABLE_juce_audio_formats=1",
					"JUCE_MODULE_AVAILABLE_juce_audio_plugin_client=1",
					"JUCE_MODULE_AVAILABLE_juce_audio_processors=1",
					"JUCE_MODULE_AVAILABLE_juce_audio_utils=1",
					"JUCE_MODULE_AVAILABLE_juce_core=1",
					"JUCE_MODULE_AVAILABLE_juce_data_structures=1",
					"JUCE_MODULE_AVAILABLE_juce_events=1",
					"JUCE_MODULE_AVAILABLE_juce_graphics=1",
					"JUCE_MODULE_AVAILABLE_juce_gui_basics=1",
					"JUCE_MODULE_AVAILABLE_juce_gui_extra=1",
					"JUCE_GLOBAL_MODULE_SETTINGS_INCLUDED=1",
					"JUCE_VST3_CAN_REPLACE_VST2=0",
					"JUCE_STRICT_REFCOUNTEDPOINTER=1",
					"JucePlugin_Enable_IAA=0",
					"JucePlugin_Name=\\\"Plug1n\\\"",
					"JucePlugin_Desc=\\\"Plug1n\\\"",
					"JucePlugin_Manufacturer=\\\"yourcompany\\\"",
					"JucePlugin_ManufacturerWebsite=\\\"\\\"",
					"JucePlugin_ManufacturerEmail=\\\"\\\"",
					"JucePlugin_ManufacturerCode=0x4d616e75",
					"JucePlugin_PluginCode=0x56737176",
					"JucePlugin_IsSynth=0",
					"JucePlugin_WantsMidiInput=0",
					"JucePlugin_ProducesMidiOutput=0",
					"JucePlugin_IsMidiEffect=0",
					"JucePlugin_EditorRequiresKeyboardFocus=0",
					"JucePlugin_Version=1.0.0",
					"JucePlugin_VersionCode=0x10000",
					"JucePlugin_VersionString=\\\"1.0.0\\\"",
					"JucePlugin_VSTUniqueID=JucePlugin_PluginCode",
					"JucePlugin_VSTCategory=kPlugCategEffect",
					"JucePlugin_Vst3Category=\\\"Fx\\\"",
					"JucePlugin_AUMainType='aufx'",
					"JucePlugin_AUSubType=JucePlugin_PluginCode",
					"JucePlugin_AUExportPrefix=Plug1nAU",
					"JucePlugin_AUExportPrefixQuoted=\\\"Plug1nAU\\\"",
					"JucePlugin_AUManufacturerCode=JucePlugin_ManufacturerCode",
					"JucePlugin_CFBundleIdentifier=com.yourcompany.Plug1n",
					"JucePlugin_RTASCategory=0",
					"JucePlugin_RTASManufacturerCode=JucePlugin_ManufacturerCode",
					"JucePlugin_RTASProductId=JucePlugin_PluginCode",
					"JucePlugin_RTASDisableBypass=0",
					"JucePlugin_RTASDisableMultiMono=0",
					"JucePlugin_AAXIdentifier=com.yourcompany.Plug1n",
					"JucePlugin_AAXManufacturerCode=JucePlugin_ManufacturerCode",
					"JucePlugin_AAXProductId=JucePlugin_PluginCode",
					"JucePlugin_AAXCategory=0",
					"JucePlugin_AAXDisableBypass=0",
					"JucePlugin_AAXDisableMultiMono=0",
					"JucePlugin_IAAType=0x61757278",
					"JucePlugin_IAASubType=JucePlugin_PluginCode",
					"JucePlugin_IAAName=\\\"yourcompany:\\ Plug1n\\\"",
					"JucePlugin_VSTNumMidiInputs=16",
					"JucePlugin_VSTNumMidiOutputs=16",
					"JUCE_STANDALONE_APPLICATION=JucePlugin_Build_Standalone",
				);
				GCC_VERSION = com.apple.compilers.llvm.clang.1_0;
				GENERATE_PKGINFO_FILE = YES;
				HEADER_SEARCH_PATHS = (
					"$(HOME)/JUCE/modules/juce_audio_processors/format_types/VST3_SDK",
					../../JuceLibraryCode,
					"$(HOME)/JUCE/modules",
					"$(HOME)/JUCE/modules/juce_audio_plugin_client",
					"$(inherited)",
				);
				INFOPLIST_FILE = "Info-VST3.plist";
				INFOPLIST_PREPROCESS = NO;
				INSTALL_PATH = "$(HOME)/Library/Audio/Plug-Ins/VST3/";
				LIBRARY_STYLE = Bundle;
				LLVM_LTO = YES;
				MACOSX_DEPLOYMENT_TARGET = 10.11;
				OTHER_LDFLAGS = (
					"-bundle",
					"-lPlug1n",
				);
				PRODUCT_BUNDLE_IDENTIFIER = com.yourcompany.Plug1n;
				PRODUCT_NAME = Plug1n;
				USE_HEADERMAP = NO;
				WRAPPER_EXTENSION = vst3;
			};
			name = Release;
		};
		95F63B1030720C2D6BAEE2E7 /* Debug */ = {
			isa = XCBuildConfiguration;
			buildSettings = {
				CLANG_CXX_LANGUAGE_STANDARD = "c++14";
				CLANG_CXX_LIBRARY = "libc++";
				CLANG_LINK_OBJC_RUNTIME = NO;
				CODE_SIGN_IDENTITY = "";
				COMBINE_HIDPI_IMAGES = YES;
				CONFIGURATION_BUILD_DIR = "$(PROJECT_DIR)/build/$(CONFIGURATION)";
				COPY_PHASE_STRIP = NO;
				GCC_DYNAMIC_NO_PIC = NO;
				GCC_OPTIMIZATION_LEVEL = 0;
				GCC_PREPROCESSOR_DEFINITIONS = (
					"_DEBUG=1",
					"DEBUG=1",
					"JUCER_XCODE_MAC_F6D2F4CF=1",
					"JUCE_APP_VERSION=1.0.0",
					"JUCE_APP_VERSION_HEX=0x10000",
					"JucePlugin_Build_VST=0",
					"JucePlugin_Build_VST3=1",
					"JucePlugin_Build_AU=1",
					"JucePlugin_Build_AUv3=0",
					"JucePlugin_Build_RTAS=0",
					"JucePlugin_Build_AAX=0",
					"JucePlugin_Build_Standalone=1",
					"JucePlugin_Build_Unity=0",
					"JUCE_SHARED_CODE=1",
					"JUCE_DISPLAY_SPLASH_SCREEN=1",
					"JUCE_USE_DARK_SPLASH_SCREEN=1",
					"JUCE_PROJUCER_VERSION=0x60000",
					"JUCE_MODULE_AVAILABLE_juce_audio_basics=1",
					"JUCE_MODULE_AVAILABLE_juce_audio_devices=1",
					"JUCE_MODULE_AVAILABLE_juce_audio_formats=1",
					"JUCE_MODULE_AVAILABLE_juce_audio_plugin_client=1",
					"JUCE_MODULE_AVAILABLE_juce_audio_processors=1",
					"JUCE_MODULE_AVAILABLE_juce_audio_utils=1",
					"JUCE_MODULE_AVAILABLE_juce_core=1",
					"JUCE_MODULE_AVAILABLE_juce_data_structures=1",
					"JUCE_MODULE_AVAILABLE_juce_events=1",
					"JUCE_MODULE_AVAILABLE_juce_graphics=1",
					"JUCE_MODULE_AVAILABLE_juce_gui_basics=1",
					"JUCE_MODULE_AVAILABLE_juce_gui_extra=1",
					"JUCE_GLOBAL_MODULE_SETTINGS_INCLUDED=1",
					"JUCE_VST3_CAN_REPLACE_VST2=0",
					"JUCE_STRICT_REFCOUNTEDPOINTER=1",
					"JucePlugin_Enable_IAA=0",
					"JucePlugin_Name=\\\"Plug1n\\\"",
					"JucePlugin_Desc=\\\"Plug1n\\\"",
					"JucePlugin_Manufacturer=\\\"yourcompany\\\"",
					"JucePlugin_ManufacturerWebsite=\\\"\\\"",
					"JucePlugin_ManufacturerEmail=\\\"\\\"",
					"JucePlugin_ManufacturerCode=0x4d616e75",
					"JucePlugin_PluginCode=0x56737176",
					"JucePlugin_IsSynth=0",
					"JucePlugin_WantsMidiInput=0",
					"JucePlugin_ProducesMidiOutput=0",
					"JucePlugin_IsMidiEffect=0",
					"JucePlugin_EditorRequiresKeyboardFocus=0",
					"JucePlugin_Version=1.0.0",
					"JucePlugin_VersionCode=0x10000",
					"JucePlugin_VersionString=\\\"1.0.0\\\"",
					"JucePlugin_VSTUniqueID=JucePlugin_PluginCode",
					"JucePlugin_VSTCategory=kPlugCategEffect",
					"JucePlugin_Vst3Category=\\\"Fx\\\"",
					"JucePlugin_AUMainType='aufx'",
					"JucePlugin_AUSubType=JucePlugin_PluginCode",
					"JucePlugin_AUExportPrefix=Plug1nAU",
					"JucePlugin_AUExportPrefixQuoted=\\\"Plug1nAU\\\"",
					"JucePlugin_AUManufacturerCode=JucePlugin_ManufacturerCode",
					"JucePlugin_CFBundleIdentifier=com.yourcompany.Plug1n",
					"JucePlugin_RTASCategory=0",
					"JucePlugin_RTASManufacturerCode=JucePlugin_ManufacturerCode",
					"JucePlugin_RTASProductId=JucePlugin_PluginCode",
					"JucePlugin_RTASDisableBypass=0",
					"JucePlugin_RTASDisableMultiMono=0",
					"JucePlugin_AAXIdentifier=com.yourcompany.Plug1n",
					"JucePlugin_AAXManufacturerCode=JucePlugin_ManufacturerCode",
					"JucePlugin_AAXProductId=JucePlugin_PluginCode",
					"JucePlugin_AAXCategory=0",
					"JucePlugin_AAXDisableBypass=0",
					"JucePlugin_AAXDisableMultiMono=0",
					"JucePlugin_IAAType=0x61757278",
					"JucePlugin_IAASubType=JucePlugin_PluginCode",
					"JucePlugin_IAAName=\\\"yourcompany:\\ Plug1n\\\"",
					"JucePlugin_VSTNumMidiInputs=16",
					"JucePlugin_VSTNumMidiOutputs=16",
					"JUCE_STANDALONE_APPLICATION=JucePlugin_Build_Standalone",
				);
				GCC_VERSION = com.apple.compilers.llvm.clang.1_0;
				HEADER_SEARCH_PATHS = (
					"$(HOME)/JUCE/modules/juce_audio_processors/format_types/VST3_SDK",
					../../JuceLibraryCode,
					"$(HOME)/JUCE/modules",
					"$(HOME)/JUCE/modules/juce_audio_plugin_client",
					"$(inherited)",
				);
				INSTALL_PATH = "@executable_path/../Frameworks";
				MACOSX_DEPLOYMENT_TARGET = 10.11;
				PRODUCT_BUNDLE_IDENTIFIER = com.yourcompany.Plug1n;
				PRODUCT_NAME = Plug1n;
				SKIP_INSTALL = YES;
				USE_HEADERMAP = NO;
			};
			name = Debug;
		};
		A6004D016B2F89D7D4E39A42 /* Debug */ = {
			isa = XCBuildConfiguration;
			buildSettings = {
				CLANG_CXX_LANGUAGE_STANDARD = "c++14";
				CLANG_CXX_LIBRARY = "libc++";
				CLANG_LINK_OBJC_RUNTIME = NO;
				CODE_SIGN_IDENTITY = "";
				COMBINE_HIDPI_IMAGES = YES;
				CONFIGURATION_BUILD_DIR = "$(PROJECT_DIR)/build/$(CONFIGURATION)";
				COPY_PHASE_STRIP = NO;
				GCC_DYNAMIC_NO_PIC = NO;
				GCC_OPTIMIZATION_LEVEL = 0;
				GCC_PREPROCESSOR_DEFINITIONS = (
					"_DEBUG=1",
					"DEBUG=1",
					"JUCER_XCODE_MAC_F6D2F4CF=1",
					"JUCE_APP_VERSION=1.0.0",
					"JUCE_APP_VERSION_HEX=0x10000",
					"JucePlugin_Build_VST=0",
					"JucePlugin_Build_VST3=1",
					"JucePlugin_Build_AU=1",
					"JucePlugin_Build_AUv3=0",
					"JucePlugin_Build_RTAS=0",
					"JucePlugin_Build_AAX=0",
					"JucePlugin_Build_Standalone=1",
					"JucePlugin_Build_Unity=0",
					"JUCE_DISPLAY_SPLASH_SCREEN=1",
					"JUCE_USE_DARK_SPLASH_SCREEN=1",
					"JUCE_PROJUCER_VERSION=0x60000",
					"JUCE_MODULE_AVAILABLE_juce_audio_basics=1",
					"JUCE_MODULE_AVAILABLE_juce_audio_devices=1",
					"JUCE_MODULE_AVAILABLE_juce_audio_formats=1",
					"JUCE_MODULE_AVAILABLE_juce_audio_plugin_client=1",
					"JUCE_MODULE_AVAILABLE_juce_audio_processors=1",
					"JUCE_MODULE_AVAILABLE_juce_audio_utils=1",
					"JUCE_MODULE_AVAILABLE_juce_core=1",
					"JUCE_MODULE_AVAILABLE_juce_data_structures=1",
					"JUCE_MODULE_AVAILABLE_juce_events=1",
					"JUCE_MODULE_AVAILABLE_juce_graphics=1",
					"JUCE_MODULE_AVAILABLE_juce_gui_basics=1",
					"JUCE_MODULE_AVAILABLE_juce_gui_extra=1",
					"JUCE_GLOBAL_MODULE_SETTINGS_INCLUDED=1",
					"JUCE_VST3_CAN_REPLACE_VST2=0",
					"JUCE_STRICT_REFCOUNTEDPOINTER=1",
					"JucePlugin_Enable_IAA=0",
					"JucePlugin_Name=\\\"Plug1n\\\"",
					"JucePlugin_Desc=\\\"Plug1n\\\"",
					"JucePlugin_Manufacturer=\\\"yourcompany\\\"",
					"JucePlugin_ManufacturerWebsite=\\\"\\\"",
					"JucePlugin_ManufacturerEmail=\\\"\\\"",
					"JucePlugin_ManufacturerCode=0x4d616e75",
					"JucePlugin_PluginCode=0x56737176",
					"JucePlugin_IsSynth=0",
					"JucePlugin_WantsMidiInput=0",
					"JucePlugin_ProducesMidiOutput=0",
					"JucePlugin_IsMidiEffect=0",
					"JucePlugin_EditorRequiresKeyboardFocus=0",
					"JucePlugin_Version=1.0.0",
					"JucePlugin_VersionCode=0x10000",
					"JucePlugin_VersionString=\\\"1.0.0\\\"",
					"JucePlugin_VSTUniqueID=JucePlugin_PluginCode",
					"JucePlugin_VSTCategory=kPlugCategEffect",
					"JucePlugin_Vst3Category=\\\"Fx\\\"",
					"JucePlugin_AUMainType='aufx'",
					"JucePlugin_AUSubType=JucePlugin_PluginCode",
					"JucePlugin_AUExportPrefix=Plug1nAU",
					"JucePlugin_AUExportPrefixQuoted=\\\"Plug1nAU\\\"",
					"JucePlugin_AUManufacturerCode=JucePlugin_ManufacturerCode",
					"JucePlugin_CFBundleIdentifier=com.yourcompany.Plug1n",
					"JucePlugin_RTASCategory=0",
					"JucePlugin_RTASManufacturerCode=JucePlugin_ManufacturerCode",
					"JucePlugin_RTASProductId=JucePlugin_PluginCode",
					"JucePlugin_RTASDisableBypass=0",
					"JucePlugin_RTASDisableMultiMono=0",
					"JucePlugin_AAXIdentifier=com.yourcompany.Plug1n",
					"JucePlugin_AAXManufacturerCode=JucePlugin_ManufacturerCode",
					"JucePlugin_AAXProductId=JucePlugin_PluginCode",
					"JucePlugin_AAXCategory=0",
					"JucePlugin_AAXDisableBypass=0",
					"JucePlugin_AAXDisableMultiMono=0",
					"JucePlugin_IAAType=0x61757278",
					"JucePlugin_IAASubType=JucePlugin_PluginCode",
					"JucePlugin_IAAName=\\\"yourcompany:\\ Plug1n\\\"",
					"JucePlugin_VSTNumMidiInputs=16",
					"JucePlugin_VSTNumMidiOutputs=16",
					"JUCE_STANDALONE_APPLICATION=JucePlugin_Build_Standalone",
				);
				GCC_VERSION = com.apple.compilers.llvm.clang.1_0;
				HEADER_SEARCH_PATHS = (
					"$(HOME)/JUCE/modules/juce_audio_processors/format_types/VST3_SDK",
					../../JuceLibraryCode,
					"$(HOME)/JUCE/modules",
					"$(HOME)/JUCE/modules/juce_audio_plugin_client",
					"$(inherited)",
				);
				INFOPLIST_FILE = "Info-Standalone_Plugin.plist";
				INFOPLIST_PREPROCESS = NO;
				MACOSX_DEPLOYMENT_TARGET = 10.11;
				OTHER_LDFLAGS = "-lPlug1n";
				PRODUCT_BUNDLE_IDENTIFIER = com.yourcompany.Plug1n;
				PRODUCT_NAME = Plug1n;
				USE_HEADERMAP = NO;
			};
			name = Debug;
		};
		CD9E975260F3EE8F1AE497EE /* Debug */ = {
			isa = XCBuildConfiguration;
			buildSettings = {
				CLANG_CXX_LANGUAGE_STANDARD = "c++14";
				CLANG_CXX_LIBRARY = "libc++";
				CLANG_LINK_OBJC_RUNTIME = NO;
				CODE_SIGN_IDENTITY = "";
				COMBINE_HIDPI_IMAGES = YES;
				CONFIGURATION_BUILD_DIR = "$(PROJECT_DIR)/build/$(CONFIGURATION)";
				COPY_PHASE_STRIP = NO;
				DEPLOYMENT_LOCATION = YES;
				DSTROOT = /;
				GCC_DYNAMIC_NO_PIC = NO;
				GCC_OPTIMIZATION_LEVEL = 0;
				GCC_PREPROCESSOR_DEFINITIONS = (
					"_DEBUG=1",
					"DEBUG=1",
					"JUCER_XCODE_MAC_F6D2F4CF=1",
					"JUCE_APP_VERSION=1.0.0",
					"JUCE_APP_VERSION_HEX=0x10000",
					"JucePlugin_Build_VST=0",
					"JucePlugin_Build_VST3=1",
					"JucePlugin_Build_AU=1",
					"JucePlugin_Build_AUv3=0",
					"JucePlugin_Build_RTAS=0",
					"JucePlugin_Build_AAX=0",
					"JucePlugin_Build_Standalone=1",
					"JucePlugin_Build_Unity=0",
					"JUCE_DISPLAY_SPLASH_SCREEN=1",
					"JUCE_USE_DARK_SPLASH_SCREEN=1",
					"JUCE_PROJUCER_VERSION=0x60000",
					"JUCE_MODULE_AVAILABLE_juce_audio_basics=1",
					"JUCE_MODULE_AVAILABLE_juce_audio_devices=1",
					"JUCE_MODULE_AVAILABLE_juce_audio_formats=1",
					"JUCE_MODULE_AVAILABLE_juce_audio_plugin_client=1",
					"JUCE_MODULE_AVAILABLE_juce_audio_processors=1",
					"JUCE_MODULE_AVAILABLE_juce_audio_utils=1",
					"JUCE_MODULE_AVAILABLE_juce_core=1",
					"JUCE_MODULE_AVAILABLE_juce_data_structures=1",
					"JUCE_MODULE_AVAILABLE_juce_events=1",
					"JUCE_MODULE_AVAILABLE_juce_graphics=1",
					"JUCE_MODULE_AVAILABLE_juce_gui_basics=1",
					"JUCE_MODULE_AVAILABLE_juce_gui_extra=1",
					"JUCE_GLOBAL_MODULE_SETTINGS_INCLUDED=1",
					"JUCE_VST3_CAN_REPLACE_VST2=0",
					"JUCE_STRICT_REFCOUNTEDPOINTER=1",
					"JucePlugin_Enable_IAA=0",
					"JucePlugin_Name=\\\"Plug1n\\\"",
					"JucePlugin_Desc=\\\"Plug1n\\\"",
					"JucePlugin_Manufacturer=\\\"yourcompany\\\"",
					"JucePlugin_ManufacturerWebsite=\\\"\\\"",
					"JucePlugin_ManufacturerEmail=\\\"\\\"",
					"JucePlugin_ManufacturerCode=0x4d616e75",
					"JucePlugin_PluginCode=0x56737176",
					"JucePlugin_IsSynth=0",
					"JucePlugin_WantsMidiInput=0",
					"JucePlugin_ProducesMidiOutput=0",
					"JucePlugin_IsMidiEffect=0",
					"JucePlugin_EditorRequiresKeyboardFocus=0",
					"JucePlugin_Version=1.0.0",
					"JucePlugin_VersionCode=0x10000",
					"JucePlugin_VersionString=\\\"1.0.0\\\"",
					"JucePlugin_VSTUniqueID=JucePlugin_PluginCode",
					"JucePlugin_VSTCategory=kPlugCategEffect",
					"JucePlugin_Vst3Category=\\\"Fx\\\"",
					"JucePlugin_AUMainType='aufx'",
					"JucePlugin_AUSubType=JucePlugin_PluginCode",
					"JucePlugin_AUExportPrefix=Plug1nAU",
					"JucePlugin_AUExportPrefixQuoted=\\\"Plug1nAU\\\"",
					"JucePlugin_AUManufacturerCode=JucePlugin_ManufacturerCode",
					"JucePlugin_CFBundleIdentifier=com.yourcompany.Plug1n",
					"JucePlugin_RTASCategory=0",
					"JucePlugin_RTASManufacturerCode=JucePlugin_ManufacturerCode",
					"JucePlugin_RTASProductId=JucePlugin_PluginCode",
					"JucePlugin_RTASDisableBypass=0",
					"JucePlugin_RTASDisableMultiMono=0",
					"JucePlugin_AAXIdentifier=com.yourcompany.Plug1n",
					"JucePlugin_AAXManufacturerCode=JucePlugin_ManufacturerCode",
					"JucePlugin_AAXProductId=JucePlugin_PluginCode",
					"JucePlugin_AAXCategory=0",
					"JucePlugin_AAXDisableBypass=0",
					"JucePlugin_AAXDisableMultiMono=0",
					"JucePlugin_IAAType=0x61757278",
					"JucePlugin_IAASubType=JucePlugin_PluginCode",
					"JucePlugin_IAAName=\\\"yourcompany:\\ Plug1n\\\"",
					"JucePlugin_VSTNumMidiInputs=16",
					"JucePlugin_VSTNumMidiOutputs=16",
					"JUCE_STANDALONE_APPLICATION=JucePlugin_Build_Standalone",
				);
				GCC_VERSION = com.apple.compilers.llvm.clang.1_0;
				GENERATE_PKGINFO_FILE = YES;
				HEADER_SEARCH_PATHS = (
					"$(HOME)/JUCE/modules/juce_audio_processors/format_types/VST3_SDK",
					../../JuceLibraryCode,
					"$(HOME)/JUCE/modules",
					"$(HOME)/JUCE/modules/juce_audio_plugin_client",
					"$(inherited)",
				);
				INFOPLIST_FILE = "Info-AU.plist";
				INFOPLIST_PREPROCESS = NO;
				INSTALL_PATH = "$(HOME)/Library/Audio/Plug-Ins/Components/";
				LIBRARY_STYLE = Bundle;
				MACOSX_DEPLOYMENT_TARGET = 10.11;
				OTHER_LDFLAGS = (
					"-bundle",
					"-lPlug1n",
				);
				OTHER_REZFLAGS = "-d ppc_$ppc -d i386_$i386 -d ppc64_$ppc64 -d x86_64_$x86_64 -I /System/Library/Frameworks/CoreServices.framework/Frameworks/CarbonCore.framework/Versions/A/Headers -I \"$(DEVELOPER_DIR)/Extras/CoreAudio/AudioUnits/AUPublic/AUBase\" -I \"$(DEVELOPER_DIR)/Platforms/MacOSX.platform/Developer/SDKs/MacOSX.sdk/System/Library/Frameworks/AudioUnit.framework/Headers\"";
				PRODUCT_BUNDLE_IDENTIFIER = com.yourcompany.Plug1n;
				PRODUCT_NAME = Plug1n;
				USE_HEADERMAP = NO;
				WRAPPER_EXTENSION = component;
			};
			name = Debug;
		};
		CE94707F224F5AB43CC56B33 /* Release */ = {
			isa = XCBuildConfiguration;
			buildSettings = {
				CLANG_CXX_LANGUAGE_STANDARD = "c++14";
				CLANG_CXX_LIBRARY = "libc++";
				CLANG_LINK_OBJC_RUNTIME = NO;
				CODE_SIGN_IDENTITY = "";
				COMBINE_HIDPI_IMAGES = YES;
				CONFIGURATION_BUILD_DIR = "$(PROJECT_DIR)/build/$(CONFIGURATION)";
				DEAD_CODE_STRIPPING = YES;
				GCC_GENERATE_DEBUGGING_SYMBOLS = NO;
				GCC_OPTIMIZATION_LEVEL = 3;
				GCC_PREPROCESSOR_DEFINITIONS = (
					"_NDEBUG=1",
					"NDEBUG=1",
					"JUCER_XCODE_MAC_F6D2F4CF=1",
					"JUCE_APP_VERSION=1.0.0",
					"JUCE_APP_VERSION_HEX=0x10000",
					"JucePlugin_Build_VST=0",
					"JucePlugin_Build_VST3=1",
					"JucePlugin_Build_AU=1",
					"JucePlugin_Build_AUv3=0",
					"JucePlugin_Build_RTAS=0",
					"JucePlugin_Build_AAX=0",
					"JucePlugin_Build_Standalone=1",
					"JucePlugin_Build_Unity=0",
					"JUCE_DISPLAY_SPLASH_SCREEN=1",
					"JUCE_USE_DARK_SPLASH_SCREEN=1",
					"JUCE_PROJUCER_VERSION=0x60000",
					"JUCE_MODULE_AVAILABLE_juce_audio_basics=1",
					"JUCE_MODULE_AVAILABLE_juce_audio_devices=1",
					"JUCE_MODULE_AVAILABLE_juce_audio_formats=1",
					"JUCE_MODULE_AVAILABLE_juce_audio_plugin_client=1",
					"JUCE_MODULE_AVAILABLE_juce_audio_processors=1",
					"JUCE_MODULE_AVAILABLE_juce_audio_utils=1",
					"JUCE_MODULE_AVAILABLE_juce_core=1",
					"JUCE_MODULE_AVAILABLE_juce_data_structures=1",
					"JUCE_MODULE_AVAILABLE_juce_events=1",
					"JUCE_MODULE_AVAILABLE_juce_graphics=1",
					"JUCE_MODULE_AVAILABLE_juce_gui_basics=1",
					"JUCE_MODULE_AVAILABLE_juce_gui_extra=1",
					"JUCE_GLOBAL_MODULE_SETTINGS_INCLUDED=1",
					"JUCE_VST3_CAN_REPLACE_VST2=0",
					"JUCE_STRICT_REFCOUNTEDPOINTER=1",
					"JucePlugin_Enable_IAA=0",
					"JucePlugin_Name=\\\"Plug1n\\\"",
					"JucePlugin_Desc=\\\"Plug1n\\\"",
					"JucePlugin_Manufacturer=\\\"yourcompany\\\"",
					"JucePlugin_ManufacturerWebsite=\\\"\\\"",
					"JucePlugin_ManufacturerEmail=\\\"\\\"",
					"JucePlugin_ManufacturerCode=0x4d616e75",
					"JucePlugin_PluginCode=0x56737176",
					"JucePlugin_IsSynth=0",
					"JucePlugin_WantsMidiInput=0",
					"JucePlugin_ProducesMidiOutput=0",
					"JucePlugin_IsMidiEffect=0",
					"JucePlugin_EditorRequiresKeyboardFocus=0",
					"JucePlugin_Version=1.0.0",
					"JucePlugin_VersionCode=0x10000",
					"JucePlugin_VersionString=\\\"1.0.0\\\"",
					"JucePlugin_VSTUniqueID=JucePlugin_PluginCode",
					"JucePlugin_VSTCategory=kPlugCategEffect",
					"JucePlugin_Vst3Category=\\\"Fx\\\"",
					"JucePlugin_AUMainType='aufx'",
					"JucePlugin_AUSubType=JucePlugin_PluginCode",
					"JucePlugin_AUExportPrefix=Plug1nAU",
					"JucePlugin_AUExportPrefixQuoted=\\\"Plug1nAU\\\"",
					"JucePlugin_AUManufacturerCode=JucePlugin_ManufacturerCode",
					"JucePlugin_CFBundleIdentifier=com.yourcompany.Plug1n",
					"JucePlugin_RTASCategory=0",
					"JucePlugin_RTASManufacturerCode=JucePlugin_ManufacturerCode",
					"JucePlugin_RTASProductId=JucePlugin_PluginCode",
					"JucePlugin_RTASDisableBypass=0",
					"JucePlugin_RTASDisableMultiMono=0",
					"JucePlugin_AAXIdentifier=com.yourcompany.Plug1n",
					"JucePlugin_AAXManufacturerCode=JucePlugin_ManufacturerCode",
					"JucePlugin_AAXProductId=JucePlugin_PluginCode",
					"JucePlugin_AAXCategory=0",
					"JucePlugin_AAXDisableBypass=0",
					"JucePlugin_AAXDisableMultiMono=0",
					"JucePlugin_IAAType=0x61757278",
					"JucePlugin_IAASubType=JucePlugin_PluginCode",
					"JucePlugin_IAAName=\\\"yourcompany:\\ Plug1n\\\"",
					"JucePlugin_VSTNumMidiInputs=16",
					"JucePlugin_VSTNumMidiOutputs=16",
					"JUCE_STANDALONE_APPLICATION=JucePlugin_Build_Standalone",
				);
				GCC_VERSION = com.apple.compilers.llvm.clang.1_0;
				HEADER_SEARCH_PATHS = (
					"$(HOME)/JUCE/modules/juce_audio_processors/format_types/VST3_SDK",
					../../JuceLibraryCode,
					"$(HOME)/JUCE/modules",
					"$(HOME)/JUCE/modules/juce_audio_plugin_client",
					"$(inherited)",
				);
				INFOPLIST_FILE = "Info-Standalone_Plugin.plist";
				INFOPLIST_PREPROCESS = NO;
				LLVM_LTO = YES;
				MACOSX_DEPLOYMENT_TARGET = 10.11;
				OTHER_LDFLAGS = "-lPlug1n";
				PRODUCT_BUNDLE_IDENTIFIER = com.yourcompany.Plug1n;
				PRODUCT_NAME = Plug1n;
				USE_HEADERMAP = NO;
			};
			name = Release;
		};
/* End XCBuildConfiguration section */

/* Begin XCConfigurationList section */
		076AF09F13D2882E7C05E0C2 /* Build configuration list for PBXNativeTarget "Plug1n - Standalone Plugin" */ = {
			isa = XCConfigurationList;
			buildConfigurations = (
				A6004D016B2F89D7D4E39A42 /* Debug */,
				CE94707F224F5AB43CC56B33 /* Release */,
			);
			defaultConfigurationIsVisible = 0;
			defaultConfigurationName = Debug;
		};
		2302F403CA630B93F05CD733 /* Build configuration list for PBXNativeTarget "Plug1n - Shared Code" */ = {
			isa = XCConfigurationList;
			buildConfigurations = (
				95F63B1030720C2D6BAEE2E7 /* Debug */,
				2ED435F3B9D299D14C07D25E /* Release */,
			);
			defaultConfigurationIsVisible = 0;
			defaultConfigurationName = Debug;
		};
		92A1407C9524D18B4CCDBE24 /* Build configuration list for PBXProject "Plug1n" */ = {
			isa = XCConfigurationList;
			buildConfigurations = (
				5D925E6C09830F8BAC279E5A /* Debug */,
				083FF58BD04EB0E1DB508686 /* Release */,
			);
			defaultConfigurationIsVisible = 0;
			defaultConfigurationName = Debug;
		};
		CB7E707462E31735F6017FF6 /* Build configuration list for PBXNativeTarget "Plug1n - VST3" */ = {
			isa = XCConfigurationList;
			buildConfigurations = (
				1BFFF20A78CD54419C2FF855 /* Debug */,
				891397D65ACEFA64C2F80F5A /* Release */,
			);
			defaultConfigurationIsVisible = 0;
			defaultConfigurationName = Debug;
		};
		D48490AF032EDA4263A661E7 /* Build configuration list for PBXAggregateTarget "Plug1n - All" */ = {
			isa = XCConfigurationList;
			buildConfigurations = (
				1A4066639AF88670FF0EB61D /* Debug */,
				5899903F2E2F92A14AA6C72D /* Release */,
			);
			defaultConfigurationIsVisible = 0;
			defaultConfigurationName = Debug;
		};
		FBF4EFB55A040B3AEE9A5021 /* Build configuration list for PBXNativeTarget "Plug1n - AU" */ = {
			isa = XCConfigurationList;
			buildConfigurations = (
				CD9E975260F3EE8F1AE497EE /* Debug */,
				32694538EBBBA964A6F5B746 /* Release */,
			);
			defaultConfigurationIsVisible = 0;
			defaultConfigurationName = Debug;
		};
/* End XCConfigurationList section */
	};
	rootObject = 4876896738754801F5564C24 /* Project object */;
}
